<?xml version="1.0" encoding="utf-8"?>
<Project ToolsVersion="4.0" xmlns="http://schemas.microsoft.com/developer/msbuild/2003">
  <ItemGroup>
    <ClCompile Include="..\..\..\modules\objdetect\src\cascadedetect.cpp">
      <Filter>Src</Filter>
    </ClCompile>
    <ClCompile Include="..\..\..\modules\objdetect\src\cascadedetect_convert.cpp">
      <Filter>Src</Filter>
    </ClCompile>
    <ClCompile Include="..\..\..\modules\objdetect\src\datamatrix.cpp">
      <Filter>Src</Filter>
    </ClCompile>
    <ClCompile Include="..\..\..\modules\objdetect\src\distancetransform.cpp">
      <Filter>Src</Filter>
    </ClCompile>
    <ClCompile Include="..\..\..\modules\objdetect\src\erfilter.cpp">
      <Filter>Src</Filter>
    </ClCompile>
    <ClCompile Include="..\..\..\modules\objdetect\src\featurepyramid.cpp">
      <Filter>Src</Filter>
    </ClCompile>
    <ClCompile Include="..\..\..\modules\objdetect\src\fft.cpp">
      <Filter>Src</Filter>
    </ClCompile>
    <ClCompile Include="..\..\..\modules\objdetect\src\haar.cpp">
      <Filter>Src</Filter>
    </ClCompile>
    <ClCompile Include="..\..\..\modules\objdetect\src\hog.cpp">
      <Filter>Src</Filter>
    </ClCompile>
    <ClCompile Include="..\..\..\modules\objdetect\src\latentsvm.cpp">
      <Filter>Src</Filter>
    </ClCompile>
    <ClCompile Include="..\..\..\modules\objdetect\src\latentsvmdetector.cpp">
      <Filter>Src</Filter>
    </ClCompile>
    <ClCompile Include="..\..\..\modules\objdetect\src\linemod.cpp">
      <Filter>Src</Filter>
    </ClCompile>
    <ClCompile Include="..\..\..\modules\objdetect\src\lsvmparser.cpp">
      <Filter>Src</Filter>
    </ClCompile>
    <ClCompile Include="..\..\..\modules\objdetect\src\lsvmtbbversion.cpp">
      <Filter>Src</Filter>
    </ClCompile>
    <ClCompile Include="..\..\..\modules\objdetect\src\matching.cpp">
      <Filter>Src</Filter>
    </ClCompile>
    <ClCompile Include="..\..\..\modules\objdetect\src\resizeimg.cpp">
      <Filter>Src</Filter>
    </ClCompile>
    <ClCompile Include="..\..\..\modules\objdetect\src\routine.cpp">
      <Filter>Src</Filter>
    </ClCompile>
    <ClCompile Include="opencl_kernels.cpp">
      <Filter>Src\opencl\kernels\autogenerated</Filter>
    </ClCompile>
    <ClCompile Include="opencv_objdetect_pch.cpp">
      <Filter>Source Files</Filter>
    </ClCompile>
  </ItemGroup>
  <ItemGroup>
    <ClInclude Include="..\..\..\modules\objdetect\include\opencv2\objdetect.hpp">
      <Filter>Include\opencv2</Filter>
    </ClInclude>
    <ClInclude Include="..\..\..\modules\objdetect\include\opencv2\objdetect\erfilter.hpp">
      <Filter>Include\opencv2\objdetect</Filter>
    </ClInclude>
    <ClInclude Include="..\..\..\modules\objdetect\include\opencv2\objdetect\linemod.hpp">
      <Filter>Include\opencv2\objdetect</Filter>
    </ClInclude>
    <ClInclude Include="..\..\..\modules\objdetect\include\opencv2\objdetect\objdetect.hpp">
      <Filter>Include\opencv2\objdetect</Filter>
    </ClInclude>
    <ClInclude Include="..\..\..\modules\objdetect\include\opencv2\objdetect\objdetect_c.h">
      <Filter>Include\opencv2\objdetect</Filter>
    </ClInclude>
    <ClInclude Include="opencl_kernels.hpp">
      <Filter>Src\opencl\kernels\autogenerated</Filter>
    </ClInclude>
    <ClInclude Include="..\..\..\modules\objdetect\src\cascadedetect.hpp">
      <Filter>Src</Filter>
    </ClInclude>
    <ClInclude Include="..\..\..\modules\objdetect\src\precomp.hpp">
      <Filter>Src</Filter>
    </ClInclude>
    <ClInclude Include="..\..\..\modules\objdetect\src\_latentsvm.h">
      <Filter>Src</Filter>
    </ClInclude>
    <ClInclude Include="..\..\..\modules\objdetect\src\_lsvmparser.h">
      <Filter>Src</Filter>
    </ClInclude>
    <ClInclude Include="..\..\..\modules\objdetect\src\_lsvm_distancetransform.h">
      <Filter>Src</Filter>
    </ClInclude>
    <ClInclude Include="..\..\..\modules\objdetect\src\_lsvm_error.h">
      <Filter>Src</Filter>
    </ClInclude>
    <ClInclude Include="..\..\..\modules\objdetect\src\_lsvm_fft.h">
      <Filter>Src</Filter>
    </ClInclude>
    <ClInclude Include="..\..\..\modules\objdetect\src\_lsvm_matching.h">
      <Filter>Src</Filter>
    </ClInclude>
    <ClInclude Include="..\..\..\modules\objdetect\src\_lsvm_resizeimg.h">
      <Filter>Src</Filter>
    </ClInclude>
    <ClInclude Include="..\..\..\modules\objdetect\src\_lsvm_routine.h">
      <Filter>Src</Filter>
    </ClInclude>
    <ClInclude Include="..\..\..\modules\objdetect\src\_lsvm_tbbversion.h">
      <Filter>Src</Filter>
    </ClInclude>
    <ClInclude Include="..\..\..\modules\objdetect\src\_lsvm_types.h">
      <Filter>Src</Filter>
    </ClInclude>
    <ClInclude Include="..\..\cvconfig.h">
      <Filter>Header Files</Filter>
    </ClInclude>
    <ClInclude Include="..\..\opencv2\opencv_modules.hpp">
      <Filter>Header Files</Filter>
    </ClInclude>
  </ItemGroup>
  <ItemGroup>
    <CustomBuild Include="..\..\..\modules\objdetect\CMakeLists.txt" />
    <CustomBuild Include="..\..\CMakeFiles\a82029912ab36efb4ccc40abfd291ccc\opencl_kernels.cpp.rule">
      <Filter>CMake Rules</Filter>
    </CustomBuild>
  </ItemGroup>
  <ItemGroup>
    <None Include="..\..\..\modules\objdetect\src\opencl\cascadedetect.cl">
      <Filter>Src\opencl\kernels</Filter>
    </None>
    <None Include="..\..\..\modules\objdetect\src\opencl\objdetect_hog.cl">
      <Filter>Src\opencl\kernels</Filter>
    </None>
  </ItemGroup>
  <ItemGroup>
    <Filter Include="Source Files">
      <UniqueIdentifier>{5A2FE3E6-5038-47EF-888F-B9042F531F5D}</UniqueIdentifier>
    </Filter>
    <Filter Include="Header Files">
      <UniqueIdentifier>{0CF67FDD-3F4B-4BF9-AECB-25BEA5CB5810}</UniqueIdentifier>
    </Filter>
    <Filter Include="CMake Rules">
      <UniqueIdentifier>{B6BF455B-4ECF-4337-BBA6-594B2C783313}</UniqueIdentifier>
    </Filter>
    <Filter Include="Src">
      <UniqueIdentifier>{77DE41D6-46C7-4D22-9EAD-4C65A21738C5}</UniqueIdentifier>
    </Filter>
    <Filter Include="Include">
      <UniqueIdentifier>{270EF06C-457D-487D-89F9-6B9131DD44E8}</UniqueIdentifier>
    </Filter>
    <Filter Include="Src\opencl\kernels\autogenerated">
      <UniqueIdentifier>{56AA3FD4-338A-4B54-A980-8F0F2A74F79E}</UniqueIdentifier>
    </Filter>
    <Filter Include="Include\opencv2">
      <UniqueIdentifier>{F3E23CA5-39A5-47C2-8583-DAD526ACBC40}</UniqueIdentifier>
    </Filter>
    <Filter Include="Include\opencv2\objdetect">
      <UniqueIdentifier>{BD498CFC-ECF4-4909-95C4-994BF0711E80}</UniqueIdentifier>
    </Filter>
    <Filter Include="Src\opencl">
      <UniqueIdentifier>{3202B639-F8FB-43E6-8CD1-BE4EA185271A}</UniqueIdentifier>
    </Filter>
    <Filter Include="Src\opencl\kernels">
      <UniqueIdentifier>{7A9C7628-CBF6-4F02-928C-888E6EFD63BF}</UniqueIdentifier>
    </Filter>
  </ItemGroup>
</Project>