<?xml version="1.0" encoding="utf-8"?>
<Project ToolsVersion="12.0" xmlns="http://schemas.microsoft.com/developer/msbuild/2003">
  <ItemGroup>
    <ClCompile Include="D:\projects\OpenCV\OpenCV_contrib\modules\bioinspired\src\basicretinafilter.cpp">
      <Filter>Src</Filter>
    </ClCompile>
    <ClCompile Include="D:\projects\OpenCV\OpenCV_contrib\modules\bioinspired\src\imagelogpolprojection.cpp">
      <Filter>Src</Filter>
    </ClCompile>
    <ClCompile Include="D:\projects\OpenCV\OpenCV_contrib\modules\bioinspired\src\magnoretinafilter.cpp">
      <Filter>Src</Filter>
    </ClCompile>
    <ClCompile Include="D:\projects\OpenCV\OpenCV_contrib\modules\bioinspired\src\parvoretinafilter.cpp">
      <Filter>Src</Filter>
    </ClCompile>
    <ClCompile Include="D:\projects\OpenCV\OpenCV_contrib\modules\bioinspired\src\retina.cpp">
      <Filter>Src</Filter>
    </ClCompile>
    <ClCompile Include="D:\projects\OpenCV\OpenCV_contrib\modules\bioinspired\src\retinacolor.cpp">
      <Filter>Src</Filter>
    </ClCompile>
    <ClCompile Include="D:\projects\OpenCV\OpenCV_contrib\modules\bioinspired\src\retinafasttonemapping.cpp">
      <Filter>Src</Filter>
    </ClCompile>
    <ClCompile Include="D:\projects\OpenCV\OpenCV_contrib\modules\bioinspired\src\retinafilter.cpp">
      <Filter>Src</Filter>
    </ClCompile>
    <ClCompile Include="D:\projects\OpenCV\OpenCV_contrib\modules\bioinspired\src\retina_ocl.cpp">
      <Filter>Src</Filter>
    </ClCompile>
    <ClCompile Include="D:\projects\OpenCV\OpenCV_contrib\modules\bioinspired\src\transientareassegmentationmodule.cpp">
      <Filter>Src</Filter>
    </ClCompile>
    <ClCompile Include="opencl_kernels.cpp">
      <Filter>Src\opencl\kernels\autogenerated</Filter>
    </ClCompile>
    <ClCompile Include="opencv_bioinspired_pch.cpp">
      <Filter>Source Files</Filter>
    </ClCompile>
  </ItemGroup>
  <ItemGroup>
    <ClInclude Include="D:\projects\OpenCV\OpenCV_contrib\modules\bioinspired\include\opencv2\bioinspired.hpp">
      <Filter>Include\opencv2</Filter>
    </ClInclude>
    <ClInclude Include="D:\projects\OpenCV\OpenCV_contrib\modules\bioinspired\include\opencv2\bioinspired\bioinspired.hpp">
      <Filter>Include\opencv2\bioinspired</Filter>
    </ClInclude>
    <ClInclude Include="D:\projects\OpenCV\OpenCV_contrib\modules\bioinspired\include\opencv2\bioinspired\retina.hpp">
      <Filter>Include\opencv2\bioinspired</Filter>
    </ClInclude>
    <ClInclude Include="D:\projects\OpenCV\OpenCV_contrib\modules\bioinspired\include\opencv2\bioinspired\retinafasttonemapping.hpp">
      <Filter>Include\opencv2\bioinspired</Filter>
    </ClInclude>
    <ClInclude Include="D:\projects\OpenCV\OpenCV_contrib\modules\bioinspired\include\opencv2\bioinspired\transientareassegmentationmodule.hpp">
      <Filter>Include\opencv2\bioinspired</Filter>
    </ClInclude>
    <ClInclude Include="opencl_kernels.hpp">
      <Filter>Src\opencl\kernels\autogenerated</Filter>
    </ClInclude>
    <ClInclude Include="D:\projects\OpenCV\OpenCV_contrib\modules\bioinspired\src\basicretinafilter.hpp">
      <Filter>Src</Filter>
    </ClInclude>
    <ClInclude Include="D:\projects\OpenCV\OpenCV_contrib\modules\bioinspired\src\imagelogpolprojection.hpp">
      <Filter>Src</Filter>
    </ClInclude>
    <ClInclude Include="D:\projects\OpenCV\OpenCV_contrib\modules\bioinspired\src\magnoretinafilter.hpp">
      <Filter>Src</Filter>
    </ClInclude>
    <ClInclude Include="D:\projects\OpenCV\OpenCV_contrib\modules\bioinspired\src\parvoretinafilter.hpp">
      <Filter>Src</Filter>
    </ClInclude>
    <ClInclude Include="D:\projects\OpenCV\OpenCV_contrib\modules\bioinspired\src\precomp.hpp">
      <Filter>Src</Filter>
    </ClInclude>
    <ClInclude Include="D:\projects\OpenCV\OpenCV_contrib\modules\bioinspired\src\retinacolor.hpp">
      <Filter>Src</Filter>
    </ClInclude>
    <ClInclude Include="D:\projects\OpenCV\OpenCV_contrib\modules\bioinspired\src\retinafilter.hpp">
      <Filter>Src</Filter>
    </ClInclude>
    <ClInclude Include="D:\projects\OpenCV\OpenCV_contrib\modules\bioinspired\src\retina_ocl.hpp">
      <Filter>Src</Filter>
    </ClInclude>
    <ClInclude Include="D:\projects\OpenCV\OpenCV_contrib\modules\bioinspired\src\templatebuffer.hpp">
      <Filter>Src</Filter>
    </ClInclude>
    <ClInclude Include="..\..\cvconfig.h">
      <Filter>Header Files</Filter>
    </ClInclude>
    <ClInclude Include="..\..\opencv2\opencv_modules.hpp">
      <Filter>Header Files</Filter>
    </ClInclude>
  </ItemGroup>
  <ItemGroup>
    <CustomBuild Include="D:\projects\OpenCV\OpenCV_contrib\modules\bioinspired\CMakeLists.txt" />
    <CustomBuild Include="..\..\CMakeFiles\6f8611b0778c4895077794c5e07c7ad4\opencl_kernels.cpp.rule">
      <Filter>CMake Rules</Filter>
    </CustomBuild>
  </ItemGroup>
  <ItemGroup>
    <None Include="D:\projects\OpenCV\OpenCV_contrib\modules\bioinspired\src\opencl\retina_kernel.cl">
      <Filter>Src\opencl\kernels</Filter>
    </None>
  </ItemGroup>
  <ItemGroup>
    <Filter Include="Include\opencv2">
      <UniqueIdentifier>{53DB087F-41D0-47AF-ACCB-4577115EC89C}</UniqueIdentifier>
    </Filter>
    <Filter Include="Src\opencl\kernels\autogenerated">
      <UniqueIdentifier>{FBAEFA89-93E4-4C1A-8396-ECDB297CB52F}</UniqueIdentifier>
    </Filter>
    <Filter Include="Include\opencv2\bioinspired">
      <UniqueIdentifier>{A2BE8C9B-20CD-4AA0-8CB0-487B35F8A4CC}</UniqueIdentifier>
    </Filter>
    <Filter Include="Src\opencl">
      <UniqueIdentifier>{F5922BE8-E526-4479-855C-4758FDD41B52}</UniqueIdentifier>
    </Filter>
    <Filter Include="Src\opencl\kernels">
      <UniqueIdentifier>{25891A89-EB07-4BBD-BED1-D9C91A36AF1D}</UniqueIdentifier>
    </Filter>
    <Filter Include="Source Files">
      <UniqueIdentifier>{DB687C02-BC61-4552-A608-6CD4602E2621}</UniqueIdentifier>
    </Filter>
    <Filter Include="Header Files">
      <UniqueIdentifier>{6AFE2C3E-E87D-4053-8C46-B54798D7265B}</UniqueIdentifier>
    </Filter>
    <Filter Include="CMake Rules">
      <UniqueIdentifier>{2D011DD7-3144-46C9-8758-1AA3072D0306}</UniqueIdentifier>
    </Filter>
    <Filter Include="Src">
      <UniqueIdentifier>{6069E42C-B4EA-472A-BD9C-718B0E856597}</UniqueIdentifier>
    </Filter>
    <Filter Include="Include">
      <UniqueIdentifier>{15E2C5E8-C542-4EBF-985A-0CA03F2DE6F7}</UniqueIdentifier>
    </Filter>
  </ItemGroup>
</Project>