Microsoft Visual Studio Solution File, Format Version 12.00
# Visual Studio 2013

Project("{8BC9CEB8-8B4A-11D0-8D11-00A0C91BC942}") = "opencv_legacy", "opencv_legacy.vcxproj", "{0F876935-4E0D-481B-AF9D-3FC2094E7485}"
EndProject
Project("{8BC9CEB8-8B4A-11D0-8D11-00A0C91BC942}") = "opencv_core", "..\core\opencv_core.vcxproj", "{6BDC727F-6C6B-4B21-9B4F-19B52D22D009}"
EndProject
Project("{8BC9CEB8-8B4A-11D0-8D11-00A0C91BC942}") = "opencv_calib3d", "..\calib3d\opencv_calib3d.vcxproj", "{23F08799-E02E-420D-B9EE-F2CC48131DDD}"
EndProject
Project("{8BC9CEB8-8B4A-11D0-8D11-00A0C91BC942}") = "opencv_features2d", "..\features2d\opencv_features2d.vcxproj", "{E526AF75-B84A-44AD-9D45-E2A380A7D7CD}"
EndProject
Project("{8BC9CEB8-8B4A-11D0-8D11-00A0C91BC942}") = "opencv_imgproc", "..\imgproc\opencv_imgproc.vcxproj", "{13FBA904-B1B8-4DE3-AE7B-D6ABAED9E24C}"
EndProject
Project("{8BC9CEB8-8B4A-11D0-8D11-00A0C91BC942}") = "opencv_ml", "..\ml\opencv_ml.vcxproj", "{DF337849-8DE5-44AF-A831-3A6BAFEDDC62}"
EndProject
Project("{8BC9CEB8-8B4A-11D0-8D11-00A0C91BC942}") = "opencv_video", "..\video\opencv_video.vcxproj", "{091A5D48-271E-4C6F-9CF0-AAECA68E744A}"
EndProject
Project("{8BC9CEB8-8B4A-11D0-8D11-00A0C91BC942}") = "opencv_flann", "..\flann\opencv_flann.vcxproj", "{144830C8-FDB2-44E6-80A9-1816ADB13D04}"
EndProject
Project("{8BC9CEB8-8B4A-11D0-8D11-00A0C91BC942}") = "zlib", "..\..\3rdparty\zlib\zlib.vcxproj", "{A7B441A0-6EFE-43A6-8AF2-82DDC57709B7}"
EndProject
Global
	GlobalSection(SolutionConfigurationPlatforms) = preSolution
		Debug|ARM = Debug|ARM
		Debug|Win32 = Debug|Win32
		Debug|x64 = Debug|x64
		Release|ARM = Release|ARM
		Release|Win32 = Release|Win32
		Release|x64 = Release|x64
	EndGlobalSection
	GlobalSection(ProjectConfigurationPlatforms) = postSolution
		{0F876935-4E0D-481B-AF9D-3FC2094E7485}.Debug|ARM.ActiveCfg = Debug|ARM
		{0F876935-4E0D-481B-AF9D-3FC2094E7485}.Debug|ARM.Build.0 = Debug|ARM
		{0F876935-4E0D-481B-AF9D-3FC2094E7485}.Debug|Win32.ActiveCfg = Debug|Win32
		{0F876935-4E0D-481B-AF9D-3FC2094E7485}.Debug|Win32.Build.0 = Debug|Win32
		{0F876935-4E0D-481B-AF9D-3FC2094E7485}.Debug|x64.ActiveCfg = Debug|x64
		{0F876935-4E0D-481B-AF9D-3FC2094E7485}.Debug|x64.Build.0 = Debug|x64
		{0F876935-4E0D-481B-AF9D-3FC2094E7485}.Release|ARM.ActiveCfg = Release|ARM
		{0F876935-4E0D-481B-AF9D-3FC2094E7485}.Release|ARM.Build.0 = Release|ARM
		{0F876935-4E0D-481B-AF9D-3FC2094E7485}.Release|Win32.ActiveCfg = Release|Win32
		{0F876935-4E0D-481B-AF9D-3FC2094E7485}.Release|Win32.Build.0 = Release|Win32
		{0F876935-4E0D-481B-AF9D-3FC2094E7485}.Release|x64.ActiveCfg = Release|x64
		{0F876935-4E0D-481B-AF9D-3FC2094E7485}.Release|x64.Build.0 = Release|x64
		{6BDC727F-6C6B-4B21-9B4F-19B52D22D009}.Debug|ARM.ActiveCfg = Debug|ARM
		{6BDC727F-6C6B-4B21-9B4F-19B52D22D009}.Debug|ARM.Build.0 = Debug|ARM
		{6BDC727F-6C6B-4B21-9B4F-19B52D22D009}.Debug|Win32.ActiveCfg = Debug|Win32
		{6BDC727F-6C6B-4B21-9B4F-19B52D22D009}.Debug|Win32.Build.0 = Debug|Win32
		{6BDC727F-6C6B-4B21-9B4F-19B52D22D009}.Debug|x64.ActiveCfg = Debug|x64
		{6BDC727F-6C6B-4B21-9B4F-19B52D22D009}.Debug|x64.Build.0 = Debug|x64
		{6BDC727F-6C6B-4B21-9B4F-19B52D22D009}.Release|ARM.ActiveCfg = Release|ARM
		{6BDC727F-6C6B-4B21-9B4F-19B52D22D009}.Release|ARM.Build.0 = Release|ARM
		{6BDC727F-6C6B-4B21-9B4F-19B52D22D009}.Release|Win32.ActiveCfg = Release|Win32
		{6BDC727F-6C6B-4B21-9B4F-19B52D22D009}.Release|Win32.Build.0 = Release|Win32
		{6BDC727F-6C6B-4B21-9B4F-19B52D22D009}.Release|x64.ActiveCfg = Release|x64
		{6BDC727F-6C6B-4B21-9B4F-19B52D22D009}.Release|x64.Build.0 = Release|x64
		{23F08799-E02E-420D-B9EE-F2CC48131DDD}.Debug|ARM.ActiveCfg = Debug|ARM
		{23F08799-E02E-420D-B9EE-F2CC48131DDD}.Debug|ARM.Build.0 = Debug|ARM
		{23F08799-E02E-420D-B9EE-F2CC48131DDD}.Debug|Win32.ActiveCfg = Debug|Win32
		{23F08799-E02E-420D-B9EE-F2CC48131DDD}.Debug|Win32.Build.0 = Debug|Win32
		{23F08799-E02E-420D-B9EE-F2CC48131DDD}.Debug|x64.ActiveCfg = Debug|x64
		{23F08799-E02E-420D-B9EE-F2CC48131DDD}.Debug|x64.Build.0 = Debug|x64
		{23F08799-E02E-420D-B9EE-F2CC48131DDD}.Release|ARM.ActiveCfg = Release|ARM
		{23F08799-E02E-420D-B9EE-F2CC48131DDD}.Release|ARM.Build.0 = Release|ARM
		{23F08799-E02E-420D-B9EE-F2CC48131DDD}.Release|Win32.ActiveCfg = Release|Win32
		{23F08799-E02E-420D-B9EE-F2CC48131DDD}.Release|Win32.Build.0 = Release|Win32
		{23F08799-E02E-420D-B9EE-F2CC48131DDD}.Release|x64.ActiveCfg = Release|x64
		{23F08799-E02E-420D-B9EE-F2CC48131DDD}.Release|x64.Build.0 = Release|x64
		{E526AF75-B84A-44AD-9D45-E2A380A7D7CD}.Debug|ARM.ActiveCfg = Debug|ARM
		{E526AF75-B84A-44AD-9D45-E2A380A7D7CD}.Debug|ARM.Build.0 = Debug|ARM
		{E526AF75-B84A-44AD-9D45-E2A380A7D7CD}.Debug|Win32.ActiveCfg = Debug|Win32
		{E526AF75-B84A-44AD-9D45-E2A380A7D7CD}.Debug|Win32.Build.0 = Debug|Win32
		{E526AF75-B84A-44AD-9D45-E2A380A7D7CD}.Debug|x64.ActiveCfg = Debug|x64
		{E526AF75-B84A-44AD-9D45-E2A380A7D7CD}.Debug|x64.Build.0 = Debug|x64
		{E526AF75-B84A-44AD-9D45-E2A380A7D7CD}.Release|ARM.ActiveCfg = Release|ARM
		{E526AF75-B84A-44AD-9D45-E2A380A7D7CD}.Release|ARM.Build.0 = Release|ARM
		{E526AF75-B84A-44AD-9D45-E2A380A7D7CD}.Release|Win32.ActiveCfg = Release|Win32
		{E526AF75-B84A-44AD-9D45-E2A380A7D7CD}.Release|Win32.Build.0 = Release|Win32
		{E526AF75-B84A-44AD-9D45-E2A380A7D7CD}.Release|x64.ActiveCfg = Release|x64
		{E526AF75-B84A-44AD-9D45-E2A380A7D7CD}.Release|x64.Build.0 = Release|x64
		{13FBA904-B1B8-4DE3-AE7B-D6ABAED9E24C}.Debug|ARM.ActiveCfg = Debug|ARM
		{13FBA904-B1B8-4DE3-AE7B-D6ABAED9E24C}.Debug|ARM.Build.0 = Debug|ARM
		{13FBA904-B1B8-4DE3-AE7B-D6ABAED9E24C}.Debug|Win32.ActiveCfg = Debug|Win32
		{13FBA904-B1B8-4DE3-AE7B-D6ABAED9E24C}.Debug|Win32.Build.0 = Debug|Win32
		{13FBA904-B1B8-4DE3-AE7B-D6ABAED9E24C}.Debug|x64.ActiveCfg = Debug|x64
		{13FBA904-B1B8-4DE3-AE7B-D6ABAED9E24C}.Debug|x64.Build.0 = Debug|x64
		{13FBA904-B1B8-4DE3-AE7B-D6ABAED9E24C}.Release|ARM.ActiveCfg = Release|ARM
		{13FBA904-B1B8-4DE3-AE7B-D6ABAED9E24C}.Release|ARM.Build.0 = Release|ARM
		{13FBA904-B1B8-4DE3-AE7B-D6ABAED9E24C}.Release|Win32.ActiveCfg = Release|Win32
		{13FBA904-B1B8-4DE3-AE7B-D6ABAED9E24C}.Release|Win32.Build.0 = Release|Win32
		{13FBA904-B1B8-4DE3-AE7B-D6ABAED9E24C}.Release|x64.ActiveCfg = Release|x64
		{13FBA904-B1B8-4DE3-AE7B-D6ABAED9E24C}.Release|x64.Build.0 = Release|x64
		{DF337849-8DE5-44AF-A831-3A6BAFEDDC62}.Debug|ARM.ActiveCfg = Debug|ARM
		{DF337849-8DE5-44AF-A831-3A6BAFEDDC62}.Debug|ARM.Build.0 = Debug|ARM
		{DF337849-8DE5-44AF-A831-3A6BAFEDDC62}.Debug|Win32.ActiveCfg = Debug|Win32
		{DF337849-8DE5-44AF-A831-3A6BAFEDDC62}.Debug|Win32.Build.0 = Debug|Win32
		{DF337849-8DE5-44AF-A831-3A6BAFEDDC62}.Debug|x64.ActiveCfg = Debug|x64
		{DF337849-8DE5-44AF-A831-3A6BAFEDDC62}.Debug|x64.Build.0 = Debug|x64
		{DF337849-8DE5-44AF-A831-3A6BAFEDDC62}.Release|ARM.ActiveCfg = Release|ARM
		{DF337849-8DE5-44AF-A831-3A6BAFEDDC62}.Release|ARM.Build.0 = Release|ARM
		{DF337849-8DE5-44AF-A831-3A6BAFEDDC62}.Release|Win32.ActiveCfg = Release|Win32
		{DF337849-8DE5-44AF-A831-3A6BAFEDDC62}.Release|Win32.Build.0 = Release|Win32
		{DF337849-8DE5-44AF-A831-3A6BAFEDDC62}.Release|x64.ActiveCfg = Release|x64
		{DF337849-8DE5-44AF-A831-3A6BAFEDDC62}.Release|x64.Build.0 = Release|x64
		{091A5D48-271E-4C6F-9CF0-AAECA68E744A}.Debug|ARM.ActiveCfg = Debug|ARM
		{091A5D48-271E-4C6F-9CF0-AAECA68E744A}.Debug|ARM.Build.0 = Debug|ARM
		{091A5D48-271E-4C6F-9CF0-AAECA68E744A}.Debug|Win32.ActiveCfg = Debug|Win32
		{091A5D48-271E-4C6F-9CF0-AAECA68E744A}.Debug|Win32.Build.0 = Debug|Win32
		{091A5D48-271E-4C6F-9CF0-AAECA68E744A}.Debug|x64.ActiveCfg = Debug|x64
		{091A5D48-271E-4C6F-9CF0-AAECA68E744A}.Debug|x64.Build.0 = Debug|x64
		{091A5D48-271E-4C6F-9CF0-AAECA68E744A}.Release|ARM.ActiveCfg = Release|ARM
		{091A5D48-271E-4C6F-9CF0-AAECA68E744A}.Release|ARM.Build.0 = Release|ARM
		{091A5D48-271E-4C6F-9CF0-AAECA68E744A}.Release|Win32.ActiveCfg = Release|Win32
		{091A5D48-271E-4C6F-9CF0-AAECA68E744A}.Release|Win32.Build.0 = Release|Win32
		{091A5D48-271E-4C6F-9CF0-AAECA68E744A}.Release|x64.ActiveCfg = Release|x64
		{091A5D48-271E-4C6F-9CF0-AAECA68E744A}.Release|x64.Build.0 = Release|x64
		{144830C8-FDB2-44E6-80A9-1816ADB13D04}.Debug|ARM.ActiveCfg = Debug|ARM
		{144830C8-FDB2-44E6-80A9-1816ADB13D04}.Debug|ARM.Build.0 = Debug|ARM
		{144830C8-FDB2-44E6-80A9-1816ADB13D04}.Debug|Win32.ActiveCfg = Debug|Win32
		{144830C8-FDB2-44E6-80A9-1816ADB13D04}.Debug|Win32.Build.0 = Debug|Win32
		{144830C8-FDB2-44E6-80A9-1816ADB13D04}.Debug|x64.ActiveCfg = Debug|x64
		{144830C8-FDB2-44E6-80A9-1816ADB13D04}.Debug|x64.Build.0 = Debug|x64
		{144830C8-FDB2-44E6-80A9-1816ADB13D04}.Release|ARM.ActiveCfg = Release|ARM
		{144830C8-FDB2-44E6-80A9-1816ADB13D04}.Release|ARM.Build.0 = Release|ARM
		{144830C8-FDB2-44E6-80A9-1816ADB13D04}.Release|Win32.ActiveCfg = Release|Win32
		{144830C8-FDB2-44E6-80A9-1816ADB13D04}.Release|Win32.Build.0 = Release|Win32
		{144830C8-FDB2-44E6-80A9-1816ADB13D04}.Release|x64.ActiveCfg = Release|x64
		{144830C8-FDB2-44E6-80A9-1816ADB13D04}.Release|x64.Build.0 = Release|x64
		{A7B441A0-6EFE-43A6-8AF2-82DDC57709B7}.Debug|ARM.ActiveCfg = Debug|ARM
		{A7B441A0-6EFE-43A6-8AF2-82DDC57709B7}.Debug|ARM.Build.0 = Debug|ARM
		{A7B441A0-6EFE-43A6-8AF2-82DDC57709B7}.Debug|Win32.ActiveCfg = Debug|Win32
		{A7B441A0-6EFE-43A6-8AF2-82DDC57709B7}.Debug|Win32.Build.0 = Debug|Win32
		{A7B441A0-6EFE-43A6-8AF2-82DDC57709B7}.Debug|x64.ActiveCfg = Debug|x64
		{A7B441A0-6EFE-43A6-8AF2-82DDC57709B7}.Debug|x64.Build.0 = Debug|x64
		{A7B441A0-6EFE-43A6-8AF2-82DDC57709B7}.Release|ARM.ActiveCfg = Release|ARM
		{A7B441A0-6EFE-43A6-8AF2-82DDC57709B7}.Release|ARM.Build.0 = Release|ARM
		{A7B441A0-6EFE-43A6-8AF2-82DDC57709B7}.Release|Win32.ActiveCfg = Release|Win32
		{A7B441A0-6EFE-43A6-8AF2-82DDC57709B7}.Release|Win32.Build.0 = Release|Win32
		{A7B441A0-6EFE-43A6-8AF2-82DDC57709B7}.Release|x64.ActiveCfg = Release|x64
		{A7B441A0-6EFE-43A6-8AF2-82DDC57709B7}.Release|x64.Build.0 = Release|x64
	EndGlobalSection
	GlobalSection(SolutionProperties) = preSolution
		HideSolutionNode = FALSE
	EndGlobalSection
EndGlobal
