<?xml version="1.0" encoding="utf-8"?>
<Project ToolsVersion="12.0" xmlns="http://schemas.microsoft.com/developer/msbuild/2003">
  <ItemGroup>
    <ClCompile Include="..\..\..\modules\photo\src\align.cpp">
      <Filter>Src</Filter>
    </ClCompile>
    <ClCompile Include="..\..\..\modules\photo\src\calibrate.cpp">
      <Filter>Src</Filter>
    </ClCompile>
    <ClCompile Include="..\..\..\modules\photo\src\contrast_preserve.cpp">
      <Filter>Src</Filter>
    </ClCompile>
    <ClCompile Include="..\..\..\modules\photo\src\denoising.cpp">
      <Filter>Src</Filter>
    </ClCompile>
    <ClCompile Include="..\..\..\modules\photo\src\denoising.cuda.cpp">
      <Filter>Src</Filter>
    </ClCompile>
    <ClCompile Include="..\..\..\modules\photo\src\hdr_common.cpp">
      <Filter>Src</Filter>
    </ClCompile>
    <ClCompile Include="..\..\..\modules\photo\src\inpaint.cpp">
      <Filter>Src</Filter>
    </ClCompile>
    <ClCompile Include="..\..\..\modules\photo\src\merge.cpp">
      <Filter>Src</Filter>
    </ClCompile>
    <ClCompile Include="..\..\..\modules\photo\src\npr.cpp">
      <Filter>Src</Filter>
    </ClCompile>
    <ClCompile Include="..\..\..\modules\photo\src\seamless_cloning.cpp">
      <Filter>Src</Filter>
    </ClCompile>
    <ClCompile Include="..\..\..\modules\photo\src\tonemap.cpp">
      <Filter>Src</Filter>
    </ClCompile>
    <ClCompile Include="opencl_kernels.cpp">
      <Filter>Src\opencl\kernels\autogenerated</Filter>
    </ClCompile>
    <ClCompile Include="opencv_photo_pch.cpp">
      <Filter>Source Files</Filter>
    </ClCompile>
  </ItemGroup>
  <ItemGroup>
    <ClInclude Include="..\..\..\modules\photo\include\opencv2\photo.hpp">
      <Filter>Include\opencv2</Filter>
    </ClInclude>
    <ClInclude Include="..\..\..\modules\photo\include\opencv2\photo\cuda.hpp">
      <Filter>Include\opencv2\photo</Filter>
    </ClInclude>
    <ClInclude Include="..\..\..\modules\photo\include\opencv2\photo\photo.hpp">
      <Filter>Include\opencv2\photo</Filter>
    </ClInclude>
    <ClInclude Include="..\..\..\modules\photo\include\opencv2\photo\photo_c.h">
      <Filter>Include\opencv2\photo</Filter>
    </ClInclude>
    <ClInclude Include="opencl_kernels.hpp">
      <Filter>Src\opencl\kernels\autogenerated</Filter>
    </ClInclude>
    <ClInclude Include="..\..\..\modules\photo\src\arrays.hpp">
      <Filter>Src</Filter>
    </ClInclude>
    <ClInclude Include="..\..\..\modules\photo\src\contrast_preserve.hpp">
      <Filter>Src</Filter>
    </ClInclude>
    <ClInclude Include="..\..\..\modules\photo\src\fast_nlmeans_denoising_invoker.hpp">
      <Filter>Src</Filter>
    </ClInclude>
    <ClInclude Include="..\..\..\modules\photo\src\fast_nlmeans_denoising_invoker_commons.hpp">
      <Filter>Src</Filter>
    </ClInclude>
    <ClInclude Include="..\..\..\modules\photo\src\fast_nlmeans_denoising_opencl.hpp">
      <Filter>Src</Filter>
    </ClInclude>
    <ClInclude Include="..\..\..\modules\photo\src\fast_nlmeans_multi_denoising_invoker.hpp">
      <Filter>Src</Filter>
    </ClInclude>
    <ClInclude Include="..\..\..\modules\photo\src\hdr_common.hpp">
      <Filter>Src</Filter>
    </ClInclude>
    <ClInclude Include="..\..\..\modules\photo\src\npr.hpp">
      <Filter>Src</Filter>
    </ClInclude>
    <ClInclude Include="..\..\..\modules\photo\src\precomp.hpp">
      <Filter>Src</Filter>
    </ClInclude>
    <ClInclude Include="..\..\..\modules\photo\src\seamless_cloning.hpp">
      <Filter>Src</Filter>
    </ClInclude>
    <ClInclude Include="..\..\cvconfig.h">
      <Filter>Header Files</Filter>
    </ClInclude>
    <ClInclude Include="..\..\opencv2\opencv_modules.hpp">
      <Filter>Header Files</Filter>
    </ClInclude>
  </ItemGroup>
  <ItemGroup>
    <CustomBuild Include="..\..\..\modules\photo\CMakeLists.txt" />
    <CustomBuild Include="..\..\CMakeFiles\97dc3706517477137f110eac24391fc3\opencl_kernels.cpp.rule">
      <Filter>CMake Rules</Filter>
    </CustomBuild>
  </ItemGroup>
  <ItemGroup>
    <None Include="..\..\..\modules\photo\src\opencl\nlmeans.cl">
      <Filter>Src\opencl\kernels</Filter>
    </None>
    <None Include="..\..\..\modules\photo\src\cuda\nlm.cu" />
  </ItemGroup>
  <ItemGroup>
    <Filter Include="Source Files">
      <UniqueIdentifier>{90E64889-1D95-460D-BFD9-35EE83FF116F}</UniqueIdentifier>
    </Filter>
    <Filter Include="Header Files">
      <UniqueIdentifier>{A963E64D-1554-41B8-BABA-DFAD98933114}</UniqueIdentifier>
    </Filter>
    <Filter Include="CMake Rules">
      <UniqueIdentifier>{65FCD4D2-0422-4D7C-8726-2FD0872592E5}</UniqueIdentifier>
    </Filter>
    <Filter Include="Src">
      <UniqueIdentifier>{0C71B0CA-A542-4FD0-A602-5AC0D09C952A}</UniqueIdentifier>
    </Filter>
    <Filter Include="Include">
      <UniqueIdentifier>{1C4897B5-95FE-4C1A-9356-42E54FEF8D3F}</UniqueIdentifier>
    </Filter>
    <Filter Include="Src\opencl\kernels\autogenerated">
      <UniqueIdentifier>{9A6E0614-C9D6-4EAB-8E79-9A9632B46FB7}</UniqueIdentifier>
    </Filter>
    <Filter Include="Include\opencv2">
      <UniqueIdentifier>{9D92CB75-6501-449D-B71F-8D872339CFAD}</UniqueIdentifier>
    </Filter>
    <Filter Include="Src\opencl">
      <UniqueIdentifier>{F3163A93-96EB-49DB-AF80-B8191C3DEBC1}</UniqueIdentifier>
    </Filter>
    <Filter Include="Include\opencv2\photo">
      <UniqueIdentifier>{4F127682-0FEB-437C-B130-0007332FE02F}</UniqueIdentifier>
    </Filter>
    <Filter Include="Src\opencl\kernels">
      <UniqueIdentifier>{6CD77BC7-C11B-44CB-B93C-7767A109EE31}</UniqueIdentifier>
    </Filter>
  </ItemGroup>
</Project>