<?xml version="1.0" encoding="utf-8"?>
<Project ToolsVersion="12.0" xmlns="http://schemas.microsoft.com/developer/msbuild/2003">
  <ItemGroup>
    <ClCompile Include="..\..\..\modules\videostab\src\deblurring.cpp">
      <Filter>Src</Filter>
    </ClCompile>
    <ClCompile Include="..\..\..\modules\videostab\src\fast_marching.cpp">
      <Filter>Src</Filter>
    </ClCompile>
    <ClCompile Include="..\..\..\modules\videostab\src\frame_source.cpp">
      <Filter>Src</Filter>
    </ClCompile>
    <ClCompile Include="..\..\..\modules\videostab\src\global_motion.cpp">
      <Filter>Src</Filter>
    </ClCompile>
    <ClCompile Include="..\..\..\modules\videostab\src\inpainting.cpp">
      <Filter>Src</Filter>
    </ClCompile>
    <ClCompile Include="..\..\..\modules\videostab\src\log.cpp">
      <Filter>Src</Filter>
    </ClCompile>
    <ClCompile Include="..\..\..\modules\videostab\src\motion_stabilizing.cpp">
      <Filter>Src</Filter>
    </ClCompile>
    <ClCompile Include="..\..\..\modules\videostab\src\optical_flow.cpp">
      <Filter>Src</Filter>
    </ClCompile>
    <ClCompile Include="..\..\..\modules\videostab\src\outlier_rejection.cpp">
      <Filter>Src</Filter>
    </ClCompile>
    <ClCompile Include="..\..\..\modules\videostab\src\stabilizer.cpp">
      <Filter>Src</Filter>
    </ClCompile>
    <ClCompile Include="..\..\..\modules\videostab\src\wobble_suppression.cpp">
      <Filter>Src</Filter>
    </ClCompile>
    <ClCompile Include="opencv_videostab_pch.cpp">
      <Filter>Source Files</Filter>
    </ClCompile>
  </ItemGroup>
  <ItemGroup>
    <ClInclude Include="..\..\..\modules\videostab\include\opencv2\videostab.hpp">
      <Filter>Include\opencv2</Filter>
    </ClInclude>
    <ClInclude Include="..\..\..\modules\videostab\include\opencv2\videostab\deblurring.hpp">
      <Filter>Include\opencv2\videostab</Filter>
    </ClInclude>
    <ClInclude Include="..\..\..\modules\videostab\include\opencv2\videostab\fast_marching.hpp">
      <Filter>Include\opencv2\videostab</Filter>
    </ClInclude>
    <ClInclude Include="..\..\..\modules\videostab\include\opencv2\videostab\fast_marching_inl.hpp">
      <Filter>Include\opencv2\videostab</Filter>
    </ClInclude>
    <ClInclude Include="..\..\..\modules\videostab\include\opencv2\videostab\frame_source.hpp">
      <Filter>Include\opencv2\videostab</Filter>
    </ClInclude>
    <ClInclude Include="..\..\..\modules\videostab\include\opencv2\videostab\global_motion.hpp">
      <Filter>Include\opencv2\videostab</Filter>
    </ClInclude>
    <ClInclude Include="..\..\..\modules\videostab\include\opencv2\videostab\inpainting.hpp">
      <Filter>Include\opencv2\videostab</Filter>
    </ClInclude>
    <ClInclude Include="..\..\..\modules\videostab\include\opencv2\videostab\log.hpp">
      <Filter>Include\opencv2\videostab</Filter>
    </ClInclude>
    <ClInclude Include="..\..\..\modules\videostab\include\opencv2\videostab\motion_core.hpp">
      <Filter>Include\opencv2\videostab</Filter>
    </ClInclude>
    <ClInclude Include="..\..\..\modules\videostab\include\opencv2\videostab\motion_stabilizing.hpp">
      <Filter>Include\opencv2\videostab</Filter>
    </ClInclude>
    <ClInclude Include="..\..\..\modules\videostab\include\opencv2\videostab\optical_flow.hpp">
      <Filter>Include\opencv2\videostab</Filter>
    </ClInclude>
    <ClInclude Include="..\..\..\modules\videostab\include\opencv2\videostab\outlier_rejection.hpp">
      <Filter>Include\opencv2\videostab</Filter>
    </ClInclude>
    <ClInclude Include="..\..\..\modules\videostab\include\opencv2\videostab\ring_buffer.hpp">
      <Filter>Include\opencv2\videostab</Filter>
    </ClInclude>
    <ClInclude Include="..\..\..\modules\videostab\include\opencv2\videostab\stabilizer.hpp">
      <Filter>Include\opencv2\videostab</Filter>
    </ClInclude>
    <ClInclude Include="..\..\..\modules\videostab\include\opencv2\videostab\wobble_suppression.hpp">
      <Filter>Include\opencv2\videostab</Filter>
    </ClInclude>
    <ClInclude Include="..\..\..\modules\videostab\src\clp.hpp">
      <Filter>Src</Filter>
    </ClInclude>
    <ClInclude Include="..\..\..\modules\videostab\src\precomp.hpp">
      <Filter>Src</Filter>
    </ClInclude>
    <ClInclude Include="..\..\cvconfig.h">
      <Filter>Header Files</Filter>
    </ClInclude>
    <ClInclude Include="..\..\opencv2\opencv_modules.hpp">
      <Filter>Header Files</Filter>
    </ClInclude>
  </ItemGroup>
  <ItemGroup>
    <CustomBuild Include="..\..\..\modules\videostab\CMakeLists.txt" />
  </ItemGroup>
  <ItemGroup>
    <Filter Include="Include\opencv2">
      <UniqueIdentifier>{41E2E7F5-7453-43BA-AB67-D2B35B03315F}</UniqueIdentifier>
    </Filter>
    <Filter Include="Include\opencv2\videostab">
      <UniqueIdentifier>{0DB7475F-54AD-42DE-AA3E-AF6944919527}</UniqueIdentifier>
    </Filter>
    <Filter Include="Source Files">
      <UniqueIdentifier>{6AD1896D-6F5B-477E-BF2C-AEBCD6DD68E5}</UniqueIdentifier>
    </Filter>
    <Filter Include="Header Files">
      <UniqueIdentifier>{7DC9405A-3962-406E-B251-7E64995DFAF3}</UniqueIdentifier>
    </Filter>
    <Filter Include="Src">
      <UniqueIdentifier>{ED916C95-C19C-4034-995D-B187043BC00B}</UniqueIdentifier>
    </Filter>
    <Filter Include="Include">
      <UniqueIdentifier>{5E7E07E2-DFEA-4346-8F32-789B71078771}</UniqueIdentifier>
    </Filter>
  </ItemGroup>
</Project>