Microsoft Visual Studio Solution File, Format Version 12.00
# Visual Studio 2013
VisualStudioVersion = 12.0.21005.1
MinimumVisualStudioVersion = 10.0.40219.1
Project("{8BC9CEB8-8B4A-11D0-8D11-00A0C91BC942}") = "zlib", "3rdparty\zlib\zlib.vcxproj", "{656A658B-3EE2-4F94-8899-C65543317D01}"
EndProject
Project("{8BC9CEB8-8B4A-11D0-8D11-00A0C91BC942}") = "libjpeg", "3rdparty\libjpeg\libjpeg.vcxproj", "{D8F9BE2A-CAFE-4EC8-9085-61AF2A380402}"
EndProject
Project("{8BC9CEB8-8B4A-11D0-8D11-00A0C91BC942}") = "libjasper", "3rdparty\libjasper\libjasper.vcxproj", "{E6703EFC-70A8-4983-BFC1-C6C08F150BE5}"
EndProject
Project("{8BC9CEB8-8B4A-11D0-8D11-00A0C91BC942}") = "libtiff", "3rdparty\libtiff\libtiff.vcxproj", "{2306E394-8F5D-497B-BC3A-2B868E6360CF}"
EndProject
Project("{8BC9CEB8-8B4A-11D0-8D11-00A0C91BC942}") = "libpng", "3rdparty\libpng\libpng.vcxproj", "{557519F6-1163-4743-981F-C9B5CA8F5091}"
EndProject
Project("{8BC9CEB8-8B4A-11D0-8D11-00A0C91BC942}") = "opencv_core", "modules\core\opencv_core.vcxproj", "{015A92E7-9FB3-428F-99D0-9B2088C54426}"
EndProject
Project("{8BC9CEB8-8B4A-11D0-8D11-00A0C91BC942}") = "opencv_flann", "modules\flann\opencv_flann.vcxproj", "{26BBD092-C917-43BD-B339-824B036FF8FE}"
EndProject
Project("{8BC9CEB8-8B4A-11D0-8D11-00A0C91BC942}") = "opencv_imgproc", "modules\imgproc\opencv_imgproc.vcxproj", "{1320606C-4689-48F6-B6DD-12EC932C9CEF}"
EndProject
Project("{8BC9CEB8-8B4A-11D0-8D11-00A0C91BC942}") = "opencv_photo", "modules\photo\opencv_photo.vcxproj", "{C0C53279-946F-46F2-93F1-60A546ADC349}"
EndProject
Project("{8BC9CEB8-8B4A-11D0-8D11-00A0C91BC942}") = "opencv_calib3d", "modules\calib3d\opencv_calib3d.vcxproj", "{4B531696-A8BA-4A19-95AD-346FE45B201F}"
EndProject
Project("{8BC9CEB8-8B4A-11D0-8D11-00A0C91BC942}") = "opencv_ml", "modules\ml\opencv_ml.vcxproj", "{C4964E13-976D-401D-9EA5-E789510B5262}"
EndProject
Project("{8BC9CEB8-8B4A-11D0-8D11-00A0C91BC942}") = "opencv_objdetect", "modules\objdetect\opencv_objdetect.vcxproj", "{5062B880-68E7-4BEC-8C2A-E96363AC2CBA}"
EndProject
Project("{8BC9CEB8-8B4A-11D0-8D11-00A0C91BC942}") = "opencv_video", "modules\video\opencv_video.vcxproj", "{0025707C-A217-4C6D-BCCE-8283D63E0ECE}"
EndProject
Project("{8BC9CEB8-8B4A-11D0-8D11-00A0C91BC942}") = "opencv_videostab", "modules\videostab\opencv_videostab.vcxproj", "{160170A8-D314-41C9-BB56-5662E84D11E5}"
EndProject
Project("{8BC9CEB8-8B4A-11D0-8D11-00A0C91BC942}") = "opencv_features2d", "modules\features2d\opencv_features2d.vcxproj", "{BB1ABC95-4975-4814-8097-508B1F99063D}"
EndProject
Project("{8BC9CEB8-8B4A-11D0-8D11-00A0C91BC942}") = "opencv_stitching", "modules\stitching\opencv_stitching.vcxproj", "{D7D33E89-1B49-44DE-8A61-D196382833F8}"
EndProject
Project("{8BC9CEB8-8B4A-11D0-8D11-00A0C91BC942}") = "opencv_legacy", "modules\legacy\opencv_legacy.vcxproj", "{5548263F-BBFB-4422-AA58-B9BB67AA6F0C}"
EndProject
Project("{8BC9CEB8-8B4A-11D0-8D11-00A0C91BC942}") = "opencv_shape", "modules\shape\opencv_shape.vcxproj", "{F49390A2-E9D5-4889-A908-65D2ECD0CDCF}"
EndProject
Project("{8BC9CEB8-8B4A-11D0-8D11-00A0C91BC942}") = "opencv_contrib", "modules\contrib\opencv_contrib.vcxproj", "{F8A3FD63-95EF-4CA7-9D90-5EDCE305F4D7}"
EndProject
Project("{8BC9CEB8-8B4A-11D0-8D11-00A0C91BC942}") = "opencv_highgui", "modules\highgui\opencv_highgui.vcxproj", "{F35C9A5D-F897-4C1E-9CB0-B73782E15031}"
EndProject
Global
	GlobalSection(SolutionConfigurationPlatforms) = preSolution
		Debug|ARM = Debug|ARM
		Debug|Win32 = Debug|Win32
		Debug|x64 = Debug|x64
		Release|ARM = Release|ARM
		Release|Win32 = Release|Win32
		Release|x64 = Release|x64
	EndGlobalSection
	GlobalSection(ProjectConfigurationPlatforms) = postSolution
		{656A658B-3EE2-4F94-8899-C65543317D01}.Debug|ARM.ActiveCfg = Debug|ARM
		{656A658B-3EE2-4F94-8899-C65543317D01}.Debug|ARM.Build.0 = Debug|ARM
		{656A658B-3EE2-4F94-8899-C65543317D01}.Debug|Win32.ActiveCfg = Debug|Win32
		{656A658B-3EE2-4F94-8899-C65543317D01}.Debug|Win32.Build.0 = Debug|Win32
		{656A658B-3EE2-4F94-8899-C65543317D01}.Debug|x64.ActiveCfg = Debug|x64
		{656A658B-3EE2-4F94-8899-C65543317D01}.Debug|x64.Build.0 = Debug|x64
		{656A658B-3EE2-4F94-8899-C65543317D01}.Release|ARM.ActiveCfg = Release|ARM
		{656A658B-3EE2-4F94-8899-C65543317D01}.Release|ARM.Build.0 = Release|ARM
		{656A658B-3EE2-4F94-8899-C65543317D01}.Release|Win32.ActiveCfg = Release|Win32
		{656A658B-3EE2-4F94-8899-C65543317D01}.Release|Win32.Build.0 = Release|Win32
		{656A658B-3EE2-4F94-8899-C65543317D01}.Release|x64.ActiveCfg = Release|x64
		{656A658B-3EE2-4F94-8899-C65543317D01}.Release|x64.Build.0 = Release|x64
		{D8F9BE2A-CAFE-4EC8-9085-61AF2A380402}.Debug|ARM.ActiveCfg = Debug|ARM
		{D8F9BE2A-CAFE-4EC8-9085-61AF2A380402}.Debug|ARM.Build.0 = Debug|ARM
		{D8F9BE2A-CAFE-4EC8-9085-61AF2A380402}.Debug|Win32.ActiveCfg = Debug|Win32
		{D8F9BE2A-CAFE-4EC8-9085-61AF2A380402}.Debug|Win32.Build.0 = Debug|Win32
		{D8F9BE2A-CAFE-4EC8-9085-61AF2A380402}.Debug|x64.ActiveCfg = Debug|x64
		{D8F9BE2A-CAFE-4EC8-9085-61AF2A380402}.Debug|x64.Build.0 = Debug|x64
		{D8F9BE2A-CAFE-4EC8-9085-61AF2A380402}.Release|ARM.ActiveCfg = Release|ARM
		{D8F9BE2A-CAFE-4EC8-9085-61AF2A380402}.Release|ARM.Build.0 = Release|ARM
		{D8F9BE2A-CAFE-4EC8-9085-61AF2A380402}.Release|Win32.ActiveCfg = Release|Win32
		{D8F9BE2A-CAFE-4EC8-9085-61AF2A380402}.Release|Win32.Build.0 = Release|Win32
		{D8F9BE2A-CAFE-4EC8-9085-61AF2A380402}.Release|x64.ActiveCfg = Release|x64
		{D8F9BE2A-CAFE-4EC8-9085-61AF2A380402}.Release|x64.Build.0 = Release|x64
		{E6703EFC-70A8-4983-BFC1-C6C08F150BE5}.Debug|ARM.ActiveCfg = Debug|ARM
		{E6703EFC-70A8-4983-BFC1-C6C08F150BE5}.Debug|ARM.Build.0 = Debug|ARM
		{E6703EFC-70A8-4983-BFC1-C6C08F150BE5}.Debug|Win32.ActiveCfg = Debug|Win32
		{E6703EFC-70A8-4983-BFC1-C6C08F150BE5}.Debug|Win32.Build.0 = Debug|Win32
		{E6703EFC-70A8-4983-BFC1-C6C08F150BE5}.Debug|x64.ActiveCfg = Debug|x64
		{E6703EFC-70A8-4983-BFC1-C6C08F150BE5}.Debug|x64.Build.0 = Debug|x64
		{E6703EFC-70A8-4983-BFC1-C6C08F150BE5}.Release|ARM.ActiveCfg = Release|ARM
		{E6703EFC-70A8-4983-BFC1-C6C08F150BE5}.Release|ARM.Build.0 = Release|ARM
		{E6703EFC-70A8-4983-BFC1-C6C08F150BE5}.Release|Win32.ActiveCfg = Release|Win32
		{E6703EFC-70A8-4983-BFC1-C6C08F150BE5}.Release|Win32.Build.0 = Release|Win32
		{E6703EFC-70A8-4983-BFC1-C6C08F150BE5}.Release|x64.ActiveCfg = Release|x64
		{E6703EFC-70A8-4983-BFC1-C6C08F150BE5}.Release|x64.Build.0 = Release|x64
		{2306E394-8F5D-497B-BC3A-2B868E6360CF}.Debug|ARM.ActiveCfg = Debug|ARM
		{2306E394-8F5D-497B-BC3A-2B868E6360CF}.Debug|ARM.Build.0 = Debug|ARM
		{2306E394-8F5D-497B-BC3A-2B868E6360CF}.Debug|Win32.ActiveCfg = Debug|Win32
		{2306E394-8F5D-497B-BC3A-2B868E6360CF}.Debug|Win32.Build.0 = Debug|Win32
		{2306E394-8F5D-497B-BC3A-2B868E6360CF}.Debug|x64.ActiveCfg = Debug|x64
		{2306E394-8F5D-497B-BC3A-2B868E6360CF}.Debug|x64.Build.0 = Debug|x64
		{2306E394-8F5D-497B-BC3A-2B868E6360CF}.Release|ARM.ActiveCfg = Release|ARM
		{2306E394-8F5D-497B-BC3A-2B868E6360CF}.Release|ARM.Build.0 = Release|ARM
		{2306E394-8F5D-497B-BC3A-2B868E6360CF}.Release|Win32.ActiveCfg = Release|Win32
		{2306E394-8F5D-497B-BC3A-2B868E6360CF}.Release|Win32.Build.0 = Release|Win32
		{2306E394-8F5D-497B-BC3A-2B868E6360CF}.Release|x64.ActiveCfg = Release|x64
		{2306E394-8F5D-497B-BC3A-2B868E6360CF}.Release|x64.Build.0 = Release|x64
		{557519F6-1163-4743-981F-C9B5CA8F5091}.Debug|ARM.ActiveCfg = Debug|ARM
		{557519F6-1163-4743-981F-C9B5CA8F5091}.Debug|ARM.Build.0 = Debug|ARM
		{557519F6-1163-4743-981F-C9B5CA8F5091}.Debug|Win32.ActiveCfg = Debug|Win32
		{557519F6-1163-4743-981F-C9B5CA8F5091}.Debug|Win32.Build.0 = Debug|Win32
		{557519F6-1163-4743-981F-C9B5CA8F5091}.Debug|x64.ActiveCfg = Debug|x64
		{557519F6-1163-4743-981F-C9B5CA8F5091}.Debug|x64.Build.0 = Debug|x64
		{557519F6-1163-4743-981F-C9B5CA8F5091}.Release|ARM.ActiveCfg = Release|ARM
		{557519F6-1163-4743-981F-C9B5CA8F5091}.Release|ARM.Build.0 = Release|ARM
		{557519F6-1163-4743-981F-C9B5CA8F5091}.Release|Win32.ActiveCfg = Release|Win32
		{557519F6-1163-4743-981F-C9B5CA8F5091}.Release|Win32.Build.0 = Release|Win32
		{557519F6-1163-4743-981F-C9B5CA8F5091}.Release|x64.ActiveCfg = Release|x64
		{557519F6-1163-4743-981F-C9B5CA8F5091}.Release|x64.Build.0 = Release|x64
		{015A92E7-9FB3-428F-99D0-9B2088C54426}.Debug|ARM.ActiveCfg = Debug|ARM
		{015A92E7-9FB3-428F-99D0-9B2088C54426}.Debug|ARM.Build.0 = Debug|ARM
		{015A92E7-9FB3-428F-99D0-9B2088C54426}.Debug|Win32.ActiveCfg = Debug|Win32
		{015A92E7-9FB3-428F-99D0-9B2088C54426}.Debug|Win32.Build.0 = Debug|Win32
		{015A92E7-9FB3-428F-99D0-9B2088C54426}.Debug|x64.ActiveCfg = Debug|x64
		{015A92E7-9FB3-428F-99D0-9B2088C54426}.Debug|x64.Build.0 = Debug|x64
		{015A92E7-9FB3-428F-99D0-9B2088C54426}.Release|ARM.ActiveCfg = Release|ARM
		{015A92E7-9FB3-428F-99D0-9B2088C54426}.Release|ARM.Build.0 = Release|ARM
		{015A92E7-9FB3-428F-99D0-9B2088C54426}.Release|Win32.ActiveCfg = Release|Win32
		{015A92E7-9FB3-428F-99D0-9B2088C54426}.Release|Win32.Build.0 = Release|Win32
		{015A92E7-9FB3-428F-99D0-9B2088C54426}.Release|x64.ActiveCfg = Release|x64
		{015A92E7-9FB3-428F-99D0-9B2088C54426}.Release|x64.Build.0 = Release|x64
		{26BBD092-C917-43BD-B339-824B036FF8FE}.Debug|ARM.ActiveCfg = Debug|ARM
		{26BBD092-C917-43BD-B339-824B036FF8FE}.Debug|ARM.Build.0 = Debug|ARM
		{26BBD092-C917-43BD-B339-824B036FF8FE}.Debug|Win32.ActiveCfg = Debug|Win32
		{26BBD092-C917-43BD-B339-824B036FF8FE}.Debug|Win32.Build.0 = Debug|Win32
		{26BBD092-C917-43BD-B339-824B036FF8FE}.Debug|x64.ActiveCfg = Debug|x64
		{26BBD092-C917-43BD-B339-824B036FF8FE}.Debug|x64.Build.0 = Debug|x64
		{26BBD092-C917-43BD-B339-824B036FF8FE}.Release|ARM.ActiveCfg = Release|ARM
		{26BBD092-C917-43BD-B339-824B036FF8FE}.Release|ARM.Build.0 = Release|ARM
		{26BBD092-C917-43BD-B339-824B036FF8FE}.Release|Win32.ActiveCfg = Release|Win32
		{26BBD092-C917-43BD-B339-824B036FF8FE}.Release|Win32.Build.0 = Release|Win32
		{26BBD092-C917-43BD-B339-824B036FF8FE}.Release|x64.ActiveCfg = Release|x64
		{26BBD092-C917-43BD-B339-824B036FF8FE}.Release|x64.Build.0 = Release|x64
		{1320606C-4689-48F6-B6DD-12EC932C9CEF}.Debug|ARM.ActiveCfg = Debug|ARM
		{1320606C-4689-48F6-B6DD-12EC932C9CEF}.Debug|ARM.Build.0 = Debug|ARM
		{1320606C-4689-48F6-B6DD-12EC932C9CEF}.Debug|Win32.ActiveCfg = Debug|Win32
		{1320606C-4689-48F6-B6DD-12EC932C9CEF}.Debug|Win32.Build.0 = Debug|Win32
		{1320606C-4689-48F6-B6DD-12EC932C9CEF}.Debug|x64.ActiveCfg = Debug|x64
		{1320606C-4689-48F6-B6DD-12EC932C9CEF}.Debug|x64.Build.0 = Debug|x64
		{1320606C-4689-48F6-B6DD-12EC932C9CEF}.Release|ARM.ActiveCfg = Release|ARM
		{1320606C-4689-48F6-B6DD-12EC932C9CEF}.Release|ARM.Build.0 = Release|ARM
		{1320606C-4689-48F6-B6DD-12EC932C9CEF}.Release|Win32.ActiveCfg = Release|Win32
		{1320606C-4689-48F6-B6DD-12EC932C9CEF}.Release|Win32.Build.0 = Release|Win32
		{1320606C-4689-48F6-B6DD-12EC932C9CEF}.Release|x64.ActiveCfg = Release|x64
		{1320606C-4689-48F6-B6DD-12EC932C9CEF}.Release|x64.Build.0 = Release|x64
		{C0C53279-946F-46F2-93F1-60A546ADC349}.Debug|ARM.ActiveCfg = Debug|ARM
		{C0C53279-946F-46F2-93F1-60A546ADC349}.Debug|ARM.Build.0 = Debug|ARM
		{C0C53279-946F-46F2-93F1-60A546ADC349}.Debug|Win32.ActiveCfg = Debug|Win32
		{C0C53279-946F-46F2-93F1-60A546ADC349}.Debug|Win32.Build.0 = Debug|Win32
		{C0C53279-946F-46F2-93F1-60A546ADC349}.Debug|x64.ActiveCfg = Debug|x64
		{C0C53279-946F-46F2-93F1-60A546ADC349}.Debug|x64.Build.0 = Debug|x64
		{C0C53279-946F-46F2-93F1-60A546ADC349}.Release|ARM.ActiveCfg = Release|ARM
		{C0C53279-946F-46F2-93F1-60A546ADC349}.Release|ARM.Build.0 = Release|ARM
		{C0C53279-946F-46F2-93F1-60A546ADC349}.Release|Win32.ActiveCfg = Release|Win32
		{C0C53279-946F-46F2-93F1-60A546ADC349}.Release|Win32.Build.0 = Release|Win32
		{C0C53279-946F-46F2-93F1-60A546ADC349}.Release|x64.ActiveCfg = Release|x64
		{C0C53279-946F-46F2-93F1-60A546ADC349}.Release|x64.Build.0 = Release|x64
		{4B531696-A8BA-4A19-95AD-346FE45B201F}.Debug|ARM.ActiveCfg = Debug|ARM
		{4B531696-A8BA-4A19-95AD-346FE45B201F}.Debug|ARM.Build.0 = Debug|ARM
		{4B531696-A8BA-4A19-95AD-346FE45B201F}.Debug|Win32.ActiveCfg = Debug|Win32
		{4B531696-A8BA-4A19-95AD-346FE45B201F}.Debug|Win32.Build.0 = Debug|Win32
		{4B531696-A8BA-4A19-95AD-346FE45B201F}.Debug|x64.ActiveCfg = Debug|x64
		{4B531696-A8BA-4A19-95AD-346FE45B201F}.Debug|x64.Build.0 = Debug|x64
		{4B531696-A8BA-4A19-95AD-346FE45B201F}.Release|ARM.ActiveCfg = Release|ARM
		{4B531696-A8BA-4A19-95AD-346FE45B201F}.Release|ARM.Build.0 = Release|ARM
		{4B531696-A8BA-4A19-95AD-346FE45B201F}.Release|Win32.ActiveCfg = Release|Win32
		{4B531696-A8BA-4A19-95AD-346FE45B201F}.Release|Win32.Build.0 = Release|Win32
		{4B531696-A8BA-4A19-95AD-346FE45B201F}.Release|x64.ActiveCfg = Release|x64
		{4B531696-A8BA-4A19-95AD-346FE45B201F}.Release|x64.Build.0 = Release|x64
		{C4964E13-976D-401D-9EA5-E789510B5262}.Debug|ARM.ActiveCfg = Debug|ARM
		{C4964E13-976D-401D-9EA5-E789510B5262}.Debug|ARM.Build.0 = Debug|ARM
		{C4964E13-976D-401D-9EA5-E789510B5262}.Debug|Win32.ActiveCfg = Debug|Win32
		{C4964E13-976D-401D-9EA5-E789510B5262}.Debug|Win32.Build.0 = Debug|Win32
		{C4964E13-976D-401D-9EA5-E789510B5262}.Debug|x64.ActiveCfg = Debug|x64
		{C4964E13-976D-401D-9EA5-E789510B5262}.Debug|x64.Build.0 = Debug|x64
		{C4964E13-976D-401D-9EA5-E789510B5262}.Release|ARM.ActiveCfg = Release|ARM
		{C4964E13-976D-401D-9EA5-E789510B5262}.Release|ARM.Build.0 = Release|ARM
		{C4964E13-976D-401D-9EA5-E789510B5262}.Release|Win32.ActiveCfg = Release|Win32
		{C4964E13-976D-401D-9EA5-E789510B5262}.Release|Win32.Build.0 = Release|Win32
		{C4964E13-976D-401D-9EA5-E789510B5262}.Release|x64.ActiveCfg = Release|x64
		{C4964E13-976D-401D-9EA5-E789510B5262}.Release|x64.Build.0 = Release|x64
		{5062B880-68E7-4BEC-8C2A-E96363AC2CBA}.Debug|ARM.ActiveCfg = Debug|ARM
		{5062B880-68E7-4BEC-8C2A-E96363AC2CBA}.Debug|ARM.Build.0 = Debug|ARM
		{5062B880-68E7-4BEC-8C2A-E96363AC2CBA}.Debug|Win32.ActiveCfg = Debug|Win32
		{5062B880-68E7-4BEC-8C2A-E96363AC2CBA}.Debug|Win32.Build.0 = Debug|Win32
		{5062B880-68E7-4BEC-8C2A-E96363AC2CBA}.Debug|x64.ActiveCfg = Debug|x64
		{5062B880-68E7-4BEC-8C2A-E96363AC2CBA}.Debug|x64.Build.0 = Debug|x64
		{5062B880-68E7-4BEC-8C2A-E96363AC2CBA}.Release|ARM.ActiveCfg = Release|ARM
		{5062B880-68E7-4BEC-8C2A-E96363AC2CBA}.Release|ARM.Build.0 = Release|ARM
		{5062B880-68E7-4BEC-8C2A-E96363AC2CBA}.Release|Win32.ActiveCfg = Release|Win32
		{5062B880-68E7-4BEC-8C2A-E96363AC2CBA}.Release|Win32.Build.0 = Release|Win32
		{5062B880-68E7-4BEC-8C2A-E96363AC2CBA}.Release|x64.ActiveCfg = Release|x64
		{5062B880-68E7-4BEC-8C2A-E96363AC2CBA}.Release|x64.Build.0 = Release|x64
		{0025707C-A217-4C6D-BCCE-8283D63E0ECE}.Debug|ARM.ActiveCfg = Debug|ARM
		{0025707C-A217-4C6D-BCCE-8283D63E0ECE}.Debug|ARM.Build.0 = Debug|ARM
		{0025707C-A217-4C6D-BCCE-8283D63E0ECE}.Debug|Win32.ActiveCfg = Debug|Win32
		{0025707C-A217-4C6D-BCCE-8283D63E0ECE}.Debug|Win32.Build.0 = Debug|Win32
		{0025707C-A217-4C6D-BCCE-8283D63E0ECE}.Debug|x64.ActiveCfg = Debug|x64
		{0025707C-A217-4C6D-BCCE-8283D63E0ECE}.Debug|x64.Build.0 = Debug|x64
		{0025707C-A217-4C6D-BCCE-8283D63E0ECE}.Release|ARM.ActiveCfg = Release|ARM
		{0025707C-A217-4C6D-BCCE-8283D63E0ECE}.Release|ARM.Build.0 = Release|ARM
		{0025707C-A217-4C6D-BCCE-8283D63E0ECE}.Release|Win32.ActiveCfg = Release|Win32
		{0025707C-A217-4C6D-BCCE-8283D63E0ECE}.Release|Win32.Build.0 = Release|Win32
		{0025707C-A217-4C6D-BCCE-8283D63E0ECE}.Release|x64.ActiveCfg = Release|x64
		{0025707C-A217-4C6D-BCCE-8283D63E0ECE}.Release|x64.Build.0 = Release|x64
		{160170A8-D314-41C9-BB56-5662E84D11E5}.Debug|ARM.ActiveCfg = Debug|ARM
		{160170A8-D314-41C9-BB56-5662E84D11E5}.Debug|ARM.Build.0 = Debug|ARM
		{160170A8-D314-41C9-BB56-5662E84D11E5}.Debug|Win32.ActiveCfg = Debug|Win32
		{160170A8-D314-41C9-BB56-5662E84D11E5}.Debug|Win32.Build.0 = Debug|Win32
		{160170A8-D314-41C9-BB56-5662E84D11E5}.Debug|x64.ActiveCfg = Debug|x64
		{160170A8-D314-41C9-BB56-5662E84D11E5}.Debug|x64.Build.0 = Debug|x64
		{160170A8-D314-41C9-BB56-5662E84D11E5}.Release|ARM.ActiveCfg = Release|ARM
		{160170A8-D314-41C9-BB56-5662E84D11E5}.Release|ARM.Build.0 = Release|ARM
		{160170A8-D314-41C9-BB56-5662E84D11E5}.Release|Win32.ActiveCfg = Release|Win32
		{160170A8-D314-41C9-BB56-5662E84D11E5}.Release|Win32.Build.0 = Release|Win32
		{160170A8-D314-41C9-BB56-5662E84D11E5}.Release|x64.ActiveCfg = Release|x64
		{160170A8-D314-41C9-BB56-5662E84D11E5}.Release|x64.Build.0 = Release|x64
		{BB1ABC95-4975-4814-8097-508B1F99063D}.Debug|ARM.ActiveCfg = Debug|ARM
		{BB1ABC95-4975-4814-8097-508B1F99063D}.Debug|ARM.Build.0 = Debug|ARM
		{BB1ABC95-4975-4814-8097-508B1F99063D}.Debug|Win32.ActiveCfg = Debug|Win32
		{BB1ABC95-4975-4814-8097-508B1F99063D}.Debug|Win32.Build.0 = Debug|Win32
		{BB1ABC95-4975-4814-8097-508B1F99063D}.Debug|x64.ActiveCfg = Debug|x64
		{BB1ABC95-4975-4814-8097-508B1F99063D}.Debug|x64.Build.0 = Debug|x64
		{BB1ABC95-4975-4814-8097-508B1F99063D}.Release|ARM.ActiveCfg = Release|ARM
		{BB1ABC95-4975-4814-8097-508B1F99063D}.Release|ARM.Build.0 = Release|ARM
		{BB1ABC95-4975-4814-8097-508B1F99063D}.Release|Win32.ActiveCfg = Release|Win32
		{BB1ABC95-4975-4814-8097-508B1F99063D}.Release|Win32.Build.0 = Release|Win32
		{BB1ABC95-4975-4814-8097-508B1F99063D}.Release|x64.ActiveCfg = Release|x64
		{BB1ABC95-4975-4814-8097-508B1F99063D}.Release|x64.Build.0 = Release|x64
		{D7D33E89-1B49-44DE-8A61-D196382833F8}.Debug|ARM.ActiveCfg = Debug|ARM
		{D7D33E89-1B49-44DE-8A61-D196382833F8}.Debug|ARM.Build.0 = Debug|ARM
		{D7D33E89-1B49-44DE-8A61-D196382833F8}.Debug|Win32.ActiveCfg = Debug|Win32
		{D7D33E89-1B49-44DE-8A61-D196382833F8}.Debug|Win32.Build.0 = Debug|Win32
		{D7D33E89-1B49-44DE-8A61-D196382833F8}.Debug|x64.ActiveCfg = Debug|x64
		{D7D33E89-1B49-44DE-8A61-D196382833F8}.Debug|x64.Build.0 = Debug|x64
		{D7D33E89-1B49-44DE-8A61-D196382833F8}.Release|ARM.ActiveCfg = Release|ARM
		{D7D33E89-1B49-44DE-8A61-D196382833F8}.Release|ARM.Build.0 = Release|ARM
		{D7D33E89-1B49-44DE-8A61-D196382833F8}.Release|Win32.ActiveCfg = Release|Win32
		{D7D33E89-1B49-44DE-8A61-D196382833F8}.Release|Win32.Build.0 = Release|Win32
		{D7D33E89-1B49-44DE-8A61-D196382833F8}.Release|x64.ActiveCfg = Release|x64
		{D7D33E89-1B49-44DE-8A61-D196382833F8}.Release|x64.Build.0 = Release|x64
		{5548263F-BBFB-4422-AA58-B9BB67AA6F0C}.Debug|ARM.ActiveCfg = Debug|ARM
		{5548263F-BBFB-4422-AA58-B9BB67AA6F0C}.Debug|ARM.Build.0 = Debug|ARM
		{5548263F-BBFB-4422-AA58-B9BB67AA6F0C}.Debug|Win32.ActiveCfg = Debug|Win32
		{5548263F-BBFB-4422-AA58-B9BB67AA6F0C}.Debug|Win32.Build.0 = Debug|Win32
		{5548263F-BBFB-4422-AA58-B9BB67AA6F0C}.Debug|x64.ActiveCfg = Debug|x64
		{5548263F-BBFB-4422-AA58-B9BB67AA6F0C}.Debug|x64.Build.0 = Debug|x64
		{5548263F-BBFB-4422-AA58-B9BB67AA6F0C}.Release|ARM.ActiveCfg = Release|ARM
		{5548263F-BBFB-4422-AA58-B9BB67AA6F0C}.Release|ARM.Build.0 = Release|ARM
		{5548263F-BBFB-4422-AA58-B9BB67AA6F0C}.Release|Win32.ActiveCfg = Release|Win32
		{5548263F-BBFB-4422-AA58-B9BB67AA6F0C}.Release|Win32.Build.0 = Release|Win32
		{5548263F-BBFB-4422-AA58-B9BB67AA6F0C}.Release|x64.ActiveCfg = Release|x64
		{5548263F-BBFB-4422-AA58-B9BB67AA6F0C}.Release|x64.Build.0 = Release|x64
		{F49390A2-E9D5-4889-A908-65D2ECD0CDCF}.Debug|ARM.ActiveCfg = Debug|ARM
		{F49390A2-E9D5-4889-A908-65D2ECD0CDCF}.Debug|ARM.Build.0 = Debug|ARM
		{F49390A2-E9D5-4889-A908-65D2ECD0CDCF}.Debug|Win32.ActiveCfg = Debug|Win32
		{F49390A2-E9D5-4889-A908-65D2ECD0CDCF}.Debug|Win32.Build.0 = Debug|Win32
		{F49390A2-E9D5-4889-A908-65D2ECD0CDCF}.Debug|x64.ActiveCfg = Debug|x64
		{F49390A2-E9D5-4889-A908-65D2ECD0CDCF}.Debug|x64.Build.0 = Debug|x64
		{F49390A2-E9D5-4889-A908-65D2ECD0CDCF}.Release|ARM.ActiveCfg = Release|ARM
		{F49390A2-E9D5-4889-A908-65D2ECD0CDCF}.Release|ARM.Build.0 = Release|ARM
		{F49390A2-E9D5-4889-A908-65D2ECD0CDCF}.Release|Win32.ActiveCfg = Release|Win32
		{F49390A2-E9D5-4889-A908-65D2ECD0CDCF}.Release|Win32.Build.0 = Release|Win32
		{F49390A2-E9D5-4889-A908-65D2ECD0CDCF}.Release|x64.ActiveCfg = Release|x64
		{F49390A2-E9D5-4889-A908-65D2ECD0CDCF}.Release|x64.Build.0 = Release|x64
		{F8A3FD63-95EF-4CA7-9D90-5EDCE305F4D7}.Debug|ARM.ActiveCfg = Debug|ARM
		{F8A3FD63-95EF-4CA7-9D90-5EDCE305F4D7}.Debug|ARM.Build.0 = Debug|ARM
		{F8A3FD63-95EF-4CA7-9D90-5EDCE305F4D7}.Debug|Win32.ActiveCfg = Debug|Win32
		{F8A3FD63-95EF-4CA7-9D90-5EDCE305F4D7}.Debug|Win32.Build.0 = Debug|Win32
		{F8A3FD63-95EF-4CA7-9D90-5EDCE305F4D7}.Debug|x64.ActiveCfg = Debug|x64
		{F8A3FD63-95EF-4CA7-9D90-5EDCE305F4D7}.Debug|x64.Build.0 = Debug|x64
		{F8A3FD63-95EF-4CA7-9D90-5EDCE305F4D7}.Release|ARM.ActiveCfg = Release|ARM
		{F8A3FD63-95EF-4CA7-9D90-5EDCE305F4D7}.Release|ARM.Build.0 = Release|ARM
		{F8A3FD63-95EF-4CA7-9D90-5EDCE305F4D7}.Release|Win32.ActiveCfg = Release|Win32
		{F8A3FD63-95EF-4CA7-9D90-5EDCE305F4D7}.Release|Win32.Build.0 = Release|Win32
		{F8A3FD63-95EF-4CA7-9D90-5EDCE305F4D7}.Release|x64.ActiveCfg = Release|x64
		{F8A3FD63-95EF-4CA7-9D90-5EDCE305F4D7}.Release|x64.Build.0 = Release|x64
		{F35C9A5D-F897-4C1E-9CB0-B73782E15031}.Debug|ARM.ActiveCfg = Debug|ARM
		{F35C9A5D-F897-4C1E-9CB0-B73782E15031}.Debug|ARM.Build.0 = Debug|ARM
		{F35C9A5D-F897-4C1E-9CB0-B73782E15031}.Debug|Win32.ActiveCfg = Debug|Win32
		{F35C9A5D-F897-4C1E-9CB0-B73782E15031}.Debug|Win32.Build.0 = Debug|Win32
		{F35C9A5D-F897-4C1E-9CB0-B73782E15031}.Debug|x64.ActiveCfg = Debug|x64
		{F35C9A5D-F897-4C1E-9CB0-B73782E15031}.Debug|x64.Build.0 = Debug|x64
		{F35C9A5D-F897-4C1E-9CB0-B73782E15031}.Release|ARM.ActiveCfg = Release|ARM
		{F35C9A5D-F897-4C1E-9CB0-B73782E15031}.Release|ARM.Build.0 = Release|ARM
		{F35C9A5D-F897-4C1E-9CB0-B73782E15031}.Release|Win32.ActiveCfg = Release|Win32
		{F35C9A5D-F897-4C1E-9CB0-B73782E15031}.Release|Win32.Build.0 = Release|Win32
		{F35C9A5D-F897-4C1E-9CB0-B73782E15031}.Release|x64.ActiveCfg = Release|x64
		{F35C9A5D-F897-4C1E-9CB0-B73782E15031}.Release|x64.Build.0 = Release|x64
	EndGlobalSection
	GlobalSection(SolutionProperties) = preSolution
		HideSolutionNode = FALSE
	EndGlobalSection
EndGlobal
