<?xml version="1.0" encoding="utf-8"?>
<Project ToolsVersion="12.0" xmlns="http://schemas.microsoft.com/developer/msbuild/2003">
  <ItemGroup>
    <ClCompile Include="..\..\..\modules\calib3d\src\calib3d_init.cpp">
      <Filter>Src</Filter>
    </ClCompile>
    <ClCompile Include="..\..\..\modules\calib3d\src\calibinit.cpp">
      <Filter>Src</Filter>
    </ClCompile>
    <ClCompile Include="..\..\..\modules\calib3d\src\calibration.cpp">
      <Filter>Src</Filter>
    </ClCompile>
    <ClCompile Include="..\..\..\modules\calib3d\src\checkchessboard.cpp">
      <Filter>Src</Filter>
    </ClCompile>
    <ClCompile Include="..\..\..\modules\calib3d\src\circlesgrid.cpp">
      <Filter>Src</Filter>
    </ClCompile>
    <ClCompile Include="..\..\..\modules\calib3d\src\compat_ptsetreg.cpp">
      <Filter>Src</Filter>
    </ClCompile>
    <ClCompile Include="..\..\..\modules\calib3d\src\compat_stereo.cpp">
      <Filter>Src</Filter>
    </ClCompile>
    <ClCompile Include="..\..\..\modules\calib3d\src\epnp.cpp">
      <Filter>Src</Filter>
    </ClCompile>
    <ClCompile Include="..\..\..\modules\calib3d\src\five-point.cpp">
      <Filter>Src</Filter>
    </ClCompile>
    <ClCompile Include="..\..\..\modules\calib3d\src\fundam.cpp">
      <Filter>Src</Filter>
    </ClCompile>
    <ClCompile Include="..\..\..\modules\calib3d\src\levmarq.cpp">
      <Filter>Src</Filter>
    </ClCompile>
    <ClCompile Include="..\..\..\modules\calib3d\src\p3p.cpp">
      <Filter>Src</Filter>
    </ClCompile>
    <ClCompile Include="..\..\..\modules\calib3d\src\polynom_solver.cpp">
      <Filter>Src</Filter>
    </ClCompile>
    <ClCompile Include="..\..\..\modules\calib3d\src\posit.cpp">
      <Filter>Src</Filter>
    </ClCompile>
    <ClCompile Include="..\..\..\modules\calib3d\src\ptsetreg.cpp">
      <Filter>Src</Filter>
    </ClCompile>
    <ClCompile Include="..\..\..\modules\calib3d\src\quadsubpix.cpp">
      <Filter>Src</Filter>
    </ClCompile>
    <ClCompile Include="..\..\..\modules\calib3d\src\solvepnp.cpp">
      <Filter>Src</Filter>
    </ClCompile>
    <ClCompile Include="..\..\..\modules\calib3d\src\stereobm.cpp">
      <Filter>Src</Filter>
    </ClCompile>
    <ClCompile Include="..\..\..\modules\calib3d\src\stereosgbm.cpp">
      <Filter>Src</Filter>
    </ClCompile>
    <ClCompile Include="..\..\..\modules\calib3d\src\triangulate.cpp">
      <Filter>Src</Filter>
    </ClCompile>
    <ClCompile Include="opencl_kernels.cpp">
      <Filter>Src\opencl\kernels\autogenerated</Filter>
    </ClCompile>
    <ClCompile Include="opencv_calib3d_pch.cpp">
      <Filter>Source Files</Filter>
    </ClCompile>
  </ItemGroup>
  <ItemGroup>
    <ClInclude Include="..\..\..\modules\calib3d\include\opencv2\calib3d.hpp">
      <Filter>Include\opencv2</Filter>
    </ClInclude>
    <ClInclude Include="..\..\..\modules\calib3d\include\opencv2\calib3d\calib3d.hpp">
      <Filter>Include\opencv2\calib3d</Filter>
    </ClInclude>
    <ClInclude Include="..\..\..\modules\calib3d\include\opencv2\calib3d\calib3d_c.h">
      <Filter>Include\opencv2\calib3d</Filter>
    </ClInclude>
    <ClInclude Include="opencl_kernels.hpp">
      <Filter>Src\opencl\kernels\autogenerated</Filter>
    </ClInclude>
    <ClInclude Include="..\..\..\modules\calib3d\src\circlesgrid.hpp">
      <Filter>Src</Filter>
    </ClInclude>
    <ClInclude Include="..\..\..\modules\calib3d\src\precomp.hpp">
      <Filter>Src</Filter>
    </ClInclude>
    <ClInclude Include="..\..\..\modules\calib3d\src\epnp.h">
      <Filter>Src</Filter>
    </ClInclude>
    <ClInclude Include="..\..\..\modules\calib3d\src\p3p.h">
      <Filter>Src</Filter>
    </ClInclude>
    <ClInclude Include="..\..\..\modules\calib3d\src\polynom_solver.h">
      <Filter>Src</Filter>
    </ClInclude>
    <ClInclude Include="..\..\cvconfig.h">
      <Filter>Header Files</Filter>
    </ClInclude>
    <ClInclude Include="..\..\opencv2\opencv_modules.hpp">
      <Filter>Header Files</Filter>
    </ClInclude>
  </ItemGroup>
  <ItemGroup>
    <CustomBuild Include="..\..\..\modules\calib3d\CMakeLists.txt" />
    <CustomBuild Include="..\..\CMakeFiles\d82a790549e04c1e13a2e622c52810f3\opencl_kernels.cpp.rule">
      <Filter>CMake Rules</Filter>
    </CustomBuild>
  </ItemGroup>
  <ItemGroup>
    <None Include="..\..\..\modules\calib3d\src\opencl\stereobm.cl">
      <Filter>Src\opencl\kernels</Filter>
    </None>
  </ItemGroup>
  <ItemGroup>
    <Filter Include="Src\opencl\kernels">
      <UniqueIdentifier>{25891A89-EB07-4BBD-BED1-D9C91A36AF1D}</UniqueIdentifier>
    </Filter>
    <Filter Include="Src\opencl\kernels\autogenerated">
      <UniqueIdentifier>{FBAEFA89-93E4-4C1A-8396-ECDB297CB52F}</UniqueIdentifier>
    </Filter>
    <Filter Include="Src\opencl">
      <UniqueIdentifier>{F5922BE8-E526-4479-855C-4758FDD41B52}</UniqueIdentifier>
    </Filter>
    <Filter Include="Include\opencv2">
      <UniqueIdentifier>{53DB087F-41D0-47AF-ACCB-4577115EC89C}</UniqueIdentifier>
    </Filter>
    <Filter Include="Include\opencv2\calib3d">
      <UniqueIdentifier>{B471CA1F-0E79-4EC6-A5EF-06A68ED4B383}</UniqueIdentifier>
    </Filter>
    <Filter Include="Source Files">
      <UniqueIdentifier>{DB687C02-BC61-4552-A608-6CD4602E2621}</UniqueIdentifier>
    </Filter>
    <Filter Include="Header Files">
      <UniqueIdentifier>{6AFE2C3E-E87D-4053-8C46-B54798D7265B}</UniqueIdentifier>
    </Filter>
    <Filter Include="CMake Rules">
      <UniqueIdentifier>{2D011DD7-3144-46C9-8758-1AA3072D0306}</UniqueIdentifier>
    </Filter>
    <Filter Include="Src">
      <UniqueIdentifier>{6069E42C-B4EA-472A-BD9C-718B0E856597}</UniqueIdentifier>
    </Filter>
    <Filter Include="Include">
      <UniqueIdentifier>{15E2C5E8-C542-4EBF-985A-0CA03F2DE6F7}</UniqueIdentifier>
    </Filter>
  </ItemGroup>
</Project>