<?xml version="1.0" encoding="utf-8"?>
<Project ToolsVersion="12.0" xmlns="http://schemas.microsoft.com/developer/msbuild/2003">
  <ItemGroup>
    <ClCompile Include="..\..\..\modules\video\src\affineflow.cpp">
      <Filter>Src</Filter>
    </ClCompile>
    <ClCompile Include="..\..\..\modules\video\src\bgfg_gaussmix.cpp">
      <Filter>Src</Filter>
    </ClCompile>
    <ClCompile Include="..\..\..\modules\video\src\bgfg_gaussmix2.cpp">
      <Filter>Src</Filter>
    </ClCompile>
    <ClCompile Include="..\..\..\modules\video\src\bgfg_gmg.cpp">
      <Filter>Src</Filter>
    </ClCompile>
    <ClCompile Include="..\..\..\modules\video\src\bgfg_KNN.cpp">
      <Filter>Src</Filter>
    </ClCompile>
    <ClCompile Include="..\..\..\modules\video\src\camshift.cpp">
      <Filter>Src</Filter>
    </ClCompile>
    <ClCompile Include="..\..\..\modules\video\src\compat_video.cpp">
      <Filter>Src</Filter>
    </ClCompile>
    <ClCompile Include="..\..\..\modules\video\src\ecc.cpp">
      <Filter>Src</Filter>
    </ClCompile>
    <ClCompile Include="..\..\..\modules\video\src\kalman.cpp">
      <Filter>Src</Filter>
    </ClCompile>
    <ClCompile Include="..\..\..\modules\video\src\lkpyramid.cpp">
      <Filter>Src</Filter>
    </ClCompile>
    <ClCompile Include="..\..\..\modules\video\src\motempl.cpp">
      <Filter>Src</Filter>
    </ClCompile>
    <ClCompile Include="..\..\..\modules\video\src\optflowgf.cpp">
      <Filter>Src</Filter>
    </ClCompile>
    <ClCompile Include="..\..\..\modules\video\src\simpleflow.cpp">
      <Filter>Src</Filter>
    </ClCompile>
    <ClCompile Include="..\..\..\modules\video\src\tvl1flow.cpp">
      <Filter>Src</Filter>
    </ClCompile>
    <ClCompile Include="..\..\..\modules\video\src\video_init.cpp">
      <Filter>Src</Filter>
    </ClCompile>
    <ClCompile Include="opencl_kernels.cpp">
      <Filter>Src\opencl\kernels\autogenerated</Filter>
    </ClCompile>
    <ClCompile Include="opencv_video_pch.cpp">
      <Filter>Source Files</Filter>
    </ClCompile>
  </ItemGroup>
  <ItemGroup>
    <ClInclude Include="..\..\..\modules\video\include\opencv2\video.hpp">
      <Filter>Include\opencv2</Filter>
    </ClInclude>
    <ClInclude Include="..\..\..\modules\video\include\opencv2\video\background_segm.hpp">
      <Filter>Include\opencv2\video</Filter>
    </ClInclude>
    <ClInclude Include="..\..\..\modules\video\include\opencv2\video\tracking.hpp">
      <Filter>Include\opencv2\video</Filter>
    </ClInclude>
    <ClInclude Include="..\..\..\modules\video\include\opencv2\video\video.hpp">
      <Filter>Include\opencv2\video</Filter>
    </ClInclude>
    <ClInclude Include="..\..\..\modules\video\include\opencv2\video\tracking_c.h">
      <Filter>Include\opencv2\video</Filter>
    </ClInclude>
    <ClInclude Include="opencl_kernels.hpp">
      <Filter>Src\opencl\kernels\autogenerated</Filter>
    </ClInclude>
    <ClInclude Include="..\..\..\modules\video\src\lkpyramid.hpp">
      <Filter>Src</Filter>
    </ClInclude>
    <ClInclude Include="..\..\..\modules\video\src\precomp.hpp">
      <Filter>Src</Filter>
    </ClInclude>
    <ClInclude Include="..\..\cvconfig.h">
      <Filter>Header Files</Filter>
    </ClInclude>
    <ClInclude Include="..\..\opencv2\opencv_modules.hpp">
      <Filter>Header Files</Filter>
    </ClInclude>
  </ItemGroup>
  <ItemGroup>
    <CustomBuild Include="..\..\..\modules\video\CMakeLists.txt" />
    <CustomBuild Include="..\..\CMakeFiles\d47477a03f007efd4fd5d52fdca9483a\opencl_kernels.cpp.rule">
      <Filter>CMake Rules</Filter>
    </CustomBuild>
  </ItemGroup>
  <ItemGroup>
    <None Include="..\..\..\modules\video\src\opencl\bgfg_mog2.cl">
      <Filter>Src\opencl\kernels</Filter>
    </None>
    <None Include="..\..\..\modules\video\src\opencl\optical_flow_farneback.cl">
      <Filter>Src\opencl\kernels</Filter>
    </None>
    <None Include="..\..\..\modules\video\src\opencl\optical_flow_tvl1.cl">
      <Filter>Src\opencl\kernels</Filter>
    </None>
    <None Include="..\..\..\modules\video\src\opencl\pyrlk.cl">
      <Filter>Src\opencl\kernels</Filter>
    </None>
    <None Include="..\..\..\modules\video\src\opencl\updatemotionhistory.cl">
      <Filter>Src\opencl\kernels</Filter>
    </None>
  </ItemGroup>
  <ItemGroup>
    <Filter Include="Include\opencv2\video">
      <UniqueIdentifier>{1B787D66-2C46-4A68-9CC0-ACCBABC8159B}</UniqueIdentifier>
    </Filter>
    <Filter Include="Src\opencl\kernels\autogenerated">
      <UniqueIdentifier>{FBAEFA89-93E4-4C1A-8396-ECDB297CB52F}</UniqueIdentifier>
    </Filter>
    <Filter Include="Include\opencv2">
      <UniqueIdentifier>{53DB087F-41D0-47AF-ACCB-4577115EC89C}</UniqueIdentifier>
    </Filter>
    <Filter Include="Src\opencl\kernels">
      <UniqueIdentifier>{25891A89-EB07-4BBD-BED1-D9C91A36AF1D}</UniqueIdentifier>
    </Filter>
    <Filter Include="Src\opencl">
      <UniqueIdentifier>{F5922BE8-E526-4479-855C-4758FDD41B52}</UniqueIdentifier>
    </Filter>
    <Filter Include="Source Files">
      <UniqueIdentifier>{DB687C02-BC61-4552-A608-6CD4602E2621}</UniqueIdentifier>
    </Filter>
    <Filter Include="Header Files">
      <UniqueIdentifier>{6AFE2C3E-E87D-4053-8C46-B54798D7265B}</UniqueIdentifier>
    </Filter>
    <Filter Include="CMake Rules">
      <UniqueIdentifier>{2D011DD7-3144-46C9-8758-1AA3072D0306}</UniqueIdentifier>
    </Filter>
    <Filter Include="Src">
      <UniqueIdentifier>{6069E42C-B4EA-472A-BD9C-718B0E856597}</UniqueIdentifier>
    </Filter>
    <Filter Include="Include">
      <UniqueIdentifier>{15E2C5E8-C542-4EBF-985A-0CA03F2DE6F7}</UniqueIdentifier>
    </Filter>
  </ItemGroup>
</Project>