<?xml version="1.0" encoding="utf-8"?>
<Project ToolsVersion="4.0" xmlns="http://schemas.microsoft.com/developer/msbuild/2003">
  <ItemGroup>
    <ClCompile Include="..\..\..\modules\video\src\affineflow.cpp">
      <Filter>Src</Filter>
    </ClCompile>
    <ClCompile Include="..\..\..\modules\video\src\bgfg_gaussmix.cpp">
      <Filter>Src</Filter>
    </ClCompile>
    <ClCompile Include="..\..\..\modules\video\src\bgfg_gaussmix2.cpp">
      <Filter>Src</Filter>
    </ClCompile>
    <ClCompile Include="..\..\..\modules\video\src\bgfg_gmg.cpp">
      <Filter>Src</Filter>
    </ClCompile>
    <ClCompile Include="..\..\..\modules\video\src\camshift.cpp">
      <Filter>Src</Filter>
    </ClCompile>
    <ClCompile Include="..\..\..\modules\video\src\compat_video.cpp">
      <Filter>Src</Filter>
    </ClCompile>
    <ClCompile Include="..\..\..\modules\video\src\ecc.cpp">
      <Filter>Src</Filter>
    </ClCompile>
    <ClCompile Include="..\..\..\modules\video\src\kalman.cpp">
      <Filter>Src</Filter>
    </ClCompile>
    <ClCompile Include="..\..\..\modules\video\src\lkpyramid.cpp">
      <Filter>Src</Filter>
    </ClCompile>
    <ClCompile Include="..\..\..\modules\video\src\motempl.cpp">
      <Filter>Src</Filter>
    </ClCompile>
    <ClCompile Include="..\..\..\modules\video\src\optflowgf.cpp">
      <Filter>Src</Filter>
    </ClCompile>
    <ClCompile Include="..\..\..\modules\video\src\simpleflow.cpp">
      <Filter>Src</Filter>
    </ClCompile>
    <ClCompile Include="..\..\..\modules\video\src\tvl1flow.cpp">
      <Filter>Src</Filter>
    </ClCompile>
    <ClCompile Include="..\..\..\modules\video\src\video_init.cpp">
      <Filter>Src</Filter>
    </ClCompile>
    <ClCompile Include="opencl_kernels.cpp">
      <Filter>Src\opencl\kernels\autogenerated</Filter>
    </ClCompile>
    <ClCompile Include="opencv_video_pch.cpp">
      <Filter>Source Files</Filter>
    </ClCompile>
  </ItemGroup>
  <ItemGroup>
    <ClInclude Include="..\..\..\modules\video\include\opencv2\video.hpp">
      <Filter>Include\opencv2</Filter>
    </ClInclude>
    <ClInclude Include="..\..\..\modules\video\include\opencv2\video\background_segm.hpp">
      <Filter>Include\opencv2\video</Filter>
    </ClInclude>
    <ClInclude Include="..\..\..\modules\video\include\opencv2\video\tracking.hpp">
      <Filter>Include\opencv2\video</Filter>
    </ClInclude>
    <ClInclude Include="..\..\..\modules\video\include\opencv2\video\video.hpp">
      <Filter>Include\opencv2\video</Filter>
    </ClInclude>
    <ClInclude Include="..\..\..\modules\video\include\opencv2\video\tracking_c.h">
      <Filter>Include\opencv2\video</Filter>
    </ClInclude>
    <ClInclude Include="opencl_kernels.hpp">
      <Filter>Src\opencl\kernels\autogenerated</Filter>
    </ClInclude>
    <ClInclude Include="..\..\..\modules\video\src\lkpyramid.hpp">
      <Filter>Src</Filter>
    </ClInclude>
    <ClInclude Include="..\..\..\modules\video\src\precomp.hpp">
      <Filter>Src</Filter>
    </ClInclude>
    <ClInclude Include="..\..\cvconfig.h">
      <Filter>Header Files</Filter>
    </ClInclude>
    <ClInclude Include="..\..\opencv2\opencv_modules.hpp">
      <Filter>Header Files</Filter>
    </ClInclude>
  </ItemGroup>
  <ItemGroup>
    <CustomBuild Include="..\..\..\modules\video\CMakeLists.txt" />
    <CustomBuild Include="..\..\CMakeFiles\5aab632e624bff8435753d97cac6f00d\opencl_kernels.cpp.rule">
      <Filter>CMake Rules</Filter>
    </CustomBuild>
  </ItemGroup>
  <ItemGroup>
    <None Include="..\..\..\modules\video\src\opencl\bgfg_mog2.cl">
      <Filter>Src\opencl\kernels</Filter>
    </None>
    <None Include="..\..\..\modules\video\src\opencl\optical_flow_farneback.cl">
      <Filter>Src\opencl\kernels</Filter>
    </None>
    <None Include="..\..\..\modules\video\src\opencl\optical_flow_tvl1.cl">
      <Filter>Src\opencl\kernels</Filter>
    </None>
    <None Include="..\..\..\modules\video\src\opencl\pyrlk.cl">
      <Filter>Src\opencl\kernels</Filter>
    </None>
    <None Include="..\..\..\modules\video\src\opencl\updatemotionhistory.cl">
      <Filter>Src\opencl\kernels</Filter>
    </None>
  </ItemGroup>
  <ItemGroup>
    <Filter Include="Source Files">
      <UniqueIdentifier>{5A2FE3E6-5038-47EF-888F-B9042F531F5D}</UniqueIdentifier>
    </Filter>
    <Filter Include="Header Files">
      <UniqueIdentifier>{0CF67FDD-3F4B-4BF9-AECB-25BEA5CB5810}</UniqueIdentifier>
    </Filter>
    <Filter Include="CMake Rules">
      <UniqueIdentifier>{B6BF455B-4ECF-4337-BBA6-594B2C783313}</UniqueIdentifier>
    </Filter>
    <Filter Include="Src">
      <UniqueIdentifier>{77DE41D6-46C7-4D22-9EAD-4C65A21738C5}</UniqueIdentifier>
    </Filter>
    <Filter Include="Include">
      <UniqueIdentifier>{270EF06C-457D-487D-89F9-6B9131DD44E8}</UniqueIdentifier>
    </Filter>
    <Filter Include="Src\opencl\kernels">
      <UniqueIdentifier>{7A9C7628-CBF6-4F02-928C-888E6EFD63BF}</UniqueIdentifier>
    </Filter>
    <Filter Include="Include\opencv2">
      <UniqueIdentifier>{F3E23CA5-39A5-47C2-8583-DAD526ACBC40}</UniqueIdentifier>
    </Filter>
    <Filter Include="Src\opencl\kernels\autogenerated">
      <UniqueIdentifier>{56AA3FD4-338A-4B54-A980-8F0F2A74F79E}</UniqueIdentifier>
    </Filter>
    <Filter Include="Include\opencv2\video">
      <UniqueIdentifier>{6842F17C-9263-4441-9CE8-290722E31588}</UniqueIdentifier>
    </Filter>
    <Filter Include="Src\opencl">
      <UniqueIdentifier>{3202B639-F8FB-43E6-8CD1-BE4EA185271A}</UniqueIdentifier>
    </Filter>
  </ItemGroup>
</Project>