<?xml version="1.0" encoding="utf-8"?>
<Project ToolsVersion="4.0" xmlns="http://schemas.microsoft.com/developer/msbuild/2003">
  <ItemGroup>
    <ClCompile Include="..\..\..\modules\contrib\src\adaptiveskindetector.cpp">
      <Filter>Src</Filter>
    </ClCompile>
    <ClCompile Include="..\..\..\modules\contrib\src\ba.cpp">
      <Filter>Src</Filter>
    </ClCompile>
    <ClCompile Include="..\..\..\modules\contrib\src\bowmsctrainer.cpp">
      <Filter>Src</Filter>
    </ClCompile>
    <ClCompile Include="..\..\..\modules\contrib\src\chamfermatching.cpp">
      <Filter>Src</Filter>
    </ClCompile>
    <ClCompile Include="..\..\..\modules\contrib\src\chowliutree.cpp">
      <Filter>Src</Filter>
    </ClCompile>
    <ClCompile Include="..\..\..\modules\contrib\src\colormap.cpp">
      <Filter>Src</Filter>
    </ClCompile>
    <ClCompile Include="..\..\..\modules\contrib\src\colortracker.cpp">
      <Filter>Src</Filter>
    </ClCompile>
    <ClCompile Include="..\..\..\modules\contrib\src\contrib_init.cpp">
      <Filter>Src</Filter>
    </ClCompile>
    <ClCompile Include="..\..\..\modules\contrib\src\detection_based_tracker.cpp">
      <Filter>Src</Filter>
    </ClCompile>
    <ClCompile Include="..\..\..\modules\contrib\src\facerec.cpp">
      <Filter>Src</Filter>
    </ClCompile>
    <ClCompile Include="..\..\..\modules\contrib\src\featuretracker.cpp">
      <Filter>Src</Filter>
    </ClCompile>
    <ClCompile Include="..\..\..\modules\contrib\src\fuzzymeanshifttracker.cpp">
      <Filter>Src</Filter>
    </ClCompile>
    <ClCompile Include="..\..\..\modules\contrib\src\gencolors.cpp">
      <Filter>Src</Filter>
    </ClCompile>
    <ClCompile Include="..\..\..\modules\contrib\src\hybridtracker.cpp">
      <Filter>Src</Filter>
    </ClCompile>
    <ClCompile Include="..\..\..\modules\contrib\src\inputoutput.cpp">
      <Filter>Src</Filter>
    </ClCompile>
    <ClCompile Include="..\..\..\modules\contrib\src\lda.cpp">
      <Filter>Src</Filter>
    </ClCompile>
    <ClCompile Include="..\..\..\modules\contrib\src\logpolar_bsm.cpp">
      <Filter>Src</Filter>
    </ClCompile>
    <ClCompile Include="..\..\..\modules\contrib\src\octree.cpp">
      <Filter>Src</Filter>
    </ClCompile>
    <ClCompile Include="..\..\..\modules\contrib\src\openfabmap.cpp">
      <Filter>Src</Filter>
    </ClCompile>
    <ClCompile Include="..\..\..\modules\contrib\src\polyfit.cpp">
      <Filter>Src</Filter>
    </ClCompile>
    <ClCompile Include="..\..\..\modules\contrib\src\rgbdodometry.cpp">
      <Filter>Src</Filter>
    </ClCompile>
    <ClCompile Include="..\..\..\modules\contrib\src\selfsimilarity.cpp">
      <Filter>Src</Filter>
    </ClCompile>
    <ClCompile Include="..\..\..\modules\contrib\src\spinimages.cpp">
      <Filter>Src</Filter>
    </ClCompile>
    <ClCompile Include="..\..\..\modules\contrib\src\stereovar.cpp">
      <Filter>Src</Filter>
    </ClCompile>
    <ClCompile Include="opencv_contrib_pch.cpp">
      <Filter>Source Files</Filter>
    </ClCompile>
  </ItemGroup>
  <ItemGroup>
    <ClInclude Include="..\..\..\modules\contrib\include\opencv2\contrib.hpp">
      <Filter>Include\opencv2</Filter>
    </ClInclude>
    <ClInclude Include="..\..\..\modules\contrib\include\opencv2\contrib\compat.hpp">
      <Filter>Include\opencv2\contrib</Filter>
    </ClInclude>
    <ClInclude Include="..\..\..\modules\contrib\include\opencv2\contrib\contrib.hpp">
      <Filter>Include\opencv2\contrib</Filter>
    </ClInclude>
    <ClInclude Include="..\..\..\modules\contrib\include\opencv2\contrib\detection_based_tracker.hpp">
      <Filter>Include\opencv2\contrib</Filter>
    </ClInclude>
    <ClInclude Include="..\..\..\modules\contrib\include\opencv2\contrib\hybridtracker.hpp">
      <Filter>Include\opencv2\contrib</Filter>
    </ClInclude>
    <ClInclude Include="..\..\..\modules\contrib\include\opencv2\contrib\openfabmap.hpp">
      <Filter>Include\opencv2\contrib</Filter>
    </ClInclude>
    <ClInclude Include="..\..\..\modules\contrib\src\precomp.hpp">
      <Filter>Src</Filter>
    </ClInclude>
    <ClInclude Include="..\..\cvconfig.h">
      <Filter>Header Files</Filter>
    </ClInclude>
    <ClInclude Include="..\..\opencv2\opencv_modules.hpp">
      <Filter>Header Files</Filter>
    </ClInclude>
  </ItemGroup>
  <ItemGroup>
    <CustomBuild Include="..\..\..\modules\contrib\CMakeLists.txt" />
  </ItemGroup>
  <ItemGroup>
    <Filter Include="Source Files">
      <UniqueIdentifier>{5A2FE3E6-5038-47EF-888F-B9042F531F5D}</UniqueIdentifier>
    </Filter>
    <Filter Include="Header Files">
      <UniqueIdentifier>{0CF67FDD-3F4B-4BF9-AECB-25BEA5CB5810}</UniqueIdentifier>
    </Filter>
    <Filter Include="Src">
      <UniqueIdentifier>{77DE41D6-46C7-4D22-9EAD-4C65A21738C5}</UniqueIdentifier>
    </Filter>
    <Filter Include="Include">
      <UniqueIdentifier>{270EF06C-457D-487D-89F9-6B9131DD44E8}</UniqueIdentifier>
    </Filter>
    <Filter Include="Include\opencv2\contrib">
      <UniqueIdentifier>{3F313144-F7B4-4CB4-9CA1-FF2910CAA734}</UniqueIdentifier>
    </Filter>
    <Filter Include="Include\opencv2">
      <UniqueIdentifier>{F3E23CA5-39A5-47C2-8583-DAD526ACBC40}</UniqueIdentifier>
    </Filter>
  </ItemGroup>
</Project>