<?xml version="1.0" encoding="utf-8"?>
<Project ToolsVersion="12.0" xmlns="http://schemas.microsoft.com/developer/msbuild/2003">
  <ItemGroup>
    <ClCompile Include="..\..\..\modules\contrib\src\adaptiveskindetector.cpp">
      <Filter>Src</Filter>
    </ClCompile>
    <ClCompile Include="..\..\..\modules\contrib\src\ba.cpp">
      <Filter>Src</Filter>
    </ClCompile>
    <ClCompile Include="..\..\..\modules\contrib\src\bowmsctrainer.cpp">
      <Filter>Src</Filter>
    </ClCompile>
    <ClCompile Include="..\..\..\modules\contrib\src\chamfermatching.cpp">
      <Filter>Src</Filter>
    </ClCompile>
    <ClCompile Include="..\..\..\modules\contrib\src\chowliutree.cpp">
      <Filter>Src</Filter>
    </ClCompile>
    <ClCompile Include="..\..\..\modules\contrib\src\colormap.cpp">
      <Filter>Src</Filter>
    </ClCompile>
    <ClCompile Include="..\..\..\modules\contrib\src\colortracker.cpp">
      <Filter>Src</Filter>
    </ClCompile>
    <ClCompile Include="..\..\..\modules\contrib\src\contrib_init.cpp">
      <Filter>Src</Filter>
    </ClCompile>
    <ClCompile Include="..\..\..\modules\contrib\src\detection_based_tracker.cpp">
      <Filter>Src</Filter>
    </ClCompile>
    <ClCompile Include="..\..\..\modules\contrib\src\facerec.cpp">
      <Filter>Src</Filter>
    </ClCompile>
    <ClCompile Include="..\..\..\modules\contrib\src\featuretracker.cpp">
      <Filter>Src</Filter>
    </ClCompile>
    <ClCompile Include="..\..\..\modules\contrib\src\fuzzymeanshifttracker.cpp">
      <Filter>Src</Filter>
    </ClCompile>
    <ClCompile Include="..\..\..\modules\contrib\src\gencolors.cpp">
      <Filter>Src</Filter>
    </ClCompile>
    <ClCompile Include="..\..\..\modules\contrib\src\hybridtracker.cpp">
      <Filter>Src</Filter>
    </ClCompile>
    <ClCompile Include="..\..\..\modules\contrib\src\inputoutput.cpp">
      <Filter>Src</Filter>
    </ClCompile>
    <ClCompile Include="..\..\..\modules\contrib\src\lda.cpp">
      <Filter>Src</Filter>
    </ClCompile>
    <ClCompile Include="..\..\..\modules\contrib\src\logpolar_bsm.cpp">
      <Filter>Src</Filter>
    </ClCompile>
    <ClCompile Include="..\..\..\modules\contrib\src\octree.cpp">
      <Filter>Src</Filter>
    </ClCompile>
    <ClCompile Include="..\..\..\modules\contrib\src\openfabmap.cpp">
      <Filter>Src</Filter>
    </ClCompile>
    <ClCompile Include="..\..\..\modules\contrib\src\polyfit.cpp">
      <Filter>Src</Filter>
    </ClCompile>
    <ClCompile Include="..\..\..\modules\contrib\src\rgbdodometry.cpp">
      <Filter>Src</Filter>
    </ClCompile>
    <ClCompile Include="..\..\..\modules\contrib\src\selfsimilarity.cpp">
      <Filter>Src</Filter>
    </ClCompile>
    <ClCompile Include="..\..\..\modules\contrib\src\spinimages.cpp">
      <Filter>Src</Filter>
    </ClCompile>
    <ClCompile Include="..\..\..\modules\contrib\src\stereovar.cpp">
      <Filter>Src</Filter>
    </ClCompile>
    <ClCompile Include="opencv_contrib_pch.cpp">
      <Filter>Source Files</Filter>
    </ClCompile>
  </ItemGroup>
  <ItemGroup>
    <ClInclude Include="..\..\..\modules\contrib\include\opencv2\contrib.hpp">
      <Filter>Include\opencv2</Filter>
    </ClInclude>
    <ClInclude Include="..\..\..\modules\contrib\include\opencv2\contrib\compat.hpp">
      <Filter>Include\opencv2\contrib</Filter>
    </ClInclude>
    <ClInclude Include="..\..\..\modules\contrib\include\opencv2\contrib\contrib.hpp">
      <Filter>Include\opencv2\contrib</Filter>
    </ClInclude>
    <ClInclude Include="..\..\..\modules\contrib\include\opencv2\contrib\detection_based_tracker.hpp">
      <Filter>Include\opencv2\contrib</Filter>
    </ClInclude>
    <ClInclude Include="..\..\..\modules\contrib\include\opencv2\contrib\hybridtracker.hpp">
      <Filter>Include\opencv2\contrib</Filter>
    </ClInclude>
    <ClInclude Include="..\..\..\modules\contrib\include\opencv2\contrib\openfabmap.hpp">
      <Filter>Include\opencv2\contrib</Filter>
    </ClInclude>
    <ClInclude Include="..\..\..\modules\contrib\src\precomp.hpp">
      <Filter>Src</Filter>
    </ClInclude>
    <ClInclude Include="..\..\cvconfig.h">
      <Filter>Header Files</Filter>
    </ClInclude>
    <ClInclude Include="..\..\opencv2\opencv_modules.hpp">
      <Filter>Header Files</Filter>
    </ClInclude>
  </ItemGroup>
  <ItemGroup>
    <CustomBuild Include="..\..\..\modules\contrib\CMakeLists.txt" />
  </ItemGroup>
  <ItemGroup>
    <Filter Include="Source Files">
      <UniqueIdentifier>{90E64889-1D95-460D-BFD9-35EE83FF116F}</UniqueIdentifier>
    </Filter>
    <Filter Include="Header Files">
      <UniqueIdentifier>{A963E64D-1554-41B8-BABA-DFAD98933114}</UniqueIdentifier>
    </Filter>
    <Filter Include="Src">
      <UniqueIdentifier>{0C71B0CA-A542-4FD0-A602-5AC0D09C952A}</UniqueIdentifier>
    </Filter>
    <Filter Include="Include">
      <UniqueIdentifier>{1C4897B5-95FE-4C1A-9356-42E54FEF8D3F}</UniqueIdentifier>
    </Filter>
    <Filter Include="Include\opencv2">
      <UniqueIdentifier>{9D92CB75-6501-449D-B71F-8D872339CFAD}</UniqueIdentifier>
    </Filter>
    <Filter Include="Include\opencv2\contrib">
      <UniqueIdentifier>{D4D07146-7C13-400B-8CBE-2F4F1C4151B6}</UniqueIdentifier>
    </Filter>
  </ItemGroup>
</Project>