<?xml version="1.0" encoding="utf-8"?>
<Project ToolsVersion="4.0" xmlns="http://schemas.microsoft.com/developer/msbuild/2003">
  <ItemGroup>
    <ClCompile Include="..\..\..\modules\features2d\src\bagofwords.cpp">
      <Filter>Src</Filter>
    </ClCompile>
    <ClCompile Include="..\..\..\modules\features2d\src\blobdetector.cpp">
      <Filter>Src</Filter>
    </ClCompile>
    <ClCompile Include="..\..\..\modules\features2d\src\brief.cpp">
      <Filter>Src</Filter>
    </ClCompile>
    <ClCompile Include="..\..\..\modules\features2d\src\brisk.cpp">
      <Filter>Src</Filter>
    </ClCompile>
    <ClCompile Include="..\..\..\modules\features2d\src\descriptors.cpp">
      <Filter>Src</Filter>
    </ClCompile>
    <ClCompile Include="..\..\..\modules\features2d\src\detectors.cpp">
      <Filter>Src</Filter>
    </ClCompile>
    <ClCompile Include="..\..\..\modules\features2d\src\draw.cpp">
      <Filter>Src</Filter>
    </ClCompile>
    <ClCompile Include="..\..\..\modules\features2d\src\dynamic.cpp">
      <Filter>Src</Filter>
    </ClCompile>
    <ClCompile Include="..\..\..\modules\features2d\src\evaluation.cpp">
      <Filter>Src</Filter>
    </ClCompile>
    <ClCompile Include="..\..\..\modules\features2d\src\fast.cpp">
      <Filter>Src</Filter>
    </ClCompile>
    <ClCompile Include="..\..\..\modules\features2d\src\fast_score.cpp">
      <Filter>Src</Filter>
    </ClCompile>
    <ClCompile Include="..\..\..\modules\features2d\src\features2d_init.cpp">
      <Filter>Src</Filter>
    </ClCompile>
    <ClCompile Include="..\..\..\modules\features2d\src\freak.cpp">
      <Filter>Src</Filter>
    </ClCompile>
    <ClCompile Include="..\..\..\modules\features2d\src\keypoint.cpp">
      <Filter>Src</Filter>
    </ClCompile>
    <ClCompile Include="..\..\..\modules\features2d\src\matchers.cpp">
      <Filter>Src</Filter>
    </ClCompile>
    <ClCompile Include="..\..\..\modules\features2d\src\mser.cpp">
      <Filter>Src</Filter>
    </ClCompile>
    <ClCompile Include="..\..\..\modules\features2d\src\orb.cpp">
      <Filter>Src</Filter>
    </ClCompile>
    <ClCompile Include="..\..\..\modules\features2d\src\stardetector.cpp">
      <Filter>Src</Filter>
    </ClCompile>
    <ClCompile Include="opencl_kernels.cpp">
      <Filter>Src\opencl\kernels\autogenerated</Filter>
    </ClCompile>
    <ClCompile Include="opencv_features2d_pch.cpp">
      <Filter>Source Files</Filter>
    </ClCompile>
  </ItemGroup>
  <ItemGroup>
    <ClInclude Include="..\..\..\modules\features2d\include\opencv2\features2d.hpp">
      <Filter>Include\opencv2</Filter>
    </ClInclude>
    <ClInclude Include="..\..\..\modules\features2d\include\opencv2\features2d\features2d.hpp">
      <Filter>Include\opencv2\features2d</Filter>
    </ClInclude>
    <ClInclude Include="opencl_kernels.hpp">
      <Filter>Src\opencl\kernels\autogenerated</Filter>
    </ClInclude>
    <ClInclude Include="..\..\..\modules\features2d\src\fast_score.hpp">
      <Filter>Src</Filter>
    </ClInclude>
    <ClInclude Include="..\..\..\modules\features2d\src\precomp.hpp">
      <Filter>Src</Filter>
    </ClInclude>
    <ClInclude Include="..\..\cvconfig.h">
      <Filter>Header Files</Filter>
    </ClInclude>
    <ClInclude Include="..\..\opencv2\opencv_modules.hpp">
      <Filter>Header Files</Filter>
    </ClInclude>
  </ItemGroup>
  <ItemGroup>
    <CustomBuild Include="..\..\..\modules\features2d\CMakeLists.txt" />
    <CustomBuild Include="..\..\CMakeFiles\de5e5d93bc216b13c3225f9bc8f06db9\opencl_kernels.cpp.rule">
      <Filter>CMake Rules</Filter>
    </CustomBuild>
  </ItemGroup>
  <ItemGroup>
    <None Include="..\..\..\modules\features2d\src\opencl\brute_force_match.cl">
      <Filter>Src\opencl\kernels</Filter>
    </None>
    <None Include="..\..\..\modules\features2d\src\opencl\fast.cl">
      <Filter>Src\opencl\kernels</Filter>
    </None>
    <None Include="..\..\..\modules\features2d\src\opencl\orb.cl">
      <Filter>Src\opencl\kernels</Filter>
    </None>
  </ItemGroup>
  <ItemGroup>
    <Filter Include="Source Files">
      <UniqueIdentifier>{5A2FE3E6-5038-47EF-888F-B9042F531F5D}</UniqueIdentifier>
    </Filter>
    <Filter Include="Header Files">
      <UniqueIdentifier>{0CF67FDD-3F4B-4BF9-AECB-25BEA5CB5810}</UniqueIdentifier>
    </Filter>
    <Filter Include="CMake Rules">
      <UniqueIdentifier>{B6BF455B-4ECF-4337-BBA6-594B2C783313}</UniqueIdentifier>
    </Filter>
    <Filter Include="Src">
      <UniqueIdentifier>{77DE41D6-46C7-4D22-9EAD-4C65A21738C5}</UniqueIdentifier>
    </Filter>
    <Filter Include="Include">
      <UniqueIdentifier>{270EF06C-457D-487D-89F9-6B9131DD44E8}</UniqueIdentifier>
    </Filter>
    <Filter Include="Src\opencl\kernels\autogenerated">
      <UniqueIdentifier>{56AA3FD4-338A-4B54-A980-8F0F2A74F79E}</UniqueIdentifier>
    </Filter>
    <Filter Include="Include\opencv2">
      <UniqueIdentifier>{F3E23CA5-39A5-47C2-8583-DAD526ACBC40}</UniqueIdentifier>
    </Filter>
    <Filter Include="Include\opencv2\features2d">
      <UniqueIdentifier>{39ADDB72-F61B-46F0-A875-4725BB48B461}</UniqueIdentifier>
    </Filter>
    <Filter Include="Src\opencl">
      <UniqueIdentifier>{3202B639-F8FB-43E6-8CD1-BE4EA185271A}</UniqueIdentifier>
    </Filter>
    <Filter Include="Src\opencl\kernels">
      <UniqueIdentifier>{7A9C7628-CBF6-4F02-928C-888E6EFD63BF}</UniqueIdentifier>
    </Filter>
  </ItemGroup>
</Project>