<?xml version="1.0" encoding="utf-8"?>
<Project ToolsVersion="12.0" xmlns="http://schemas.microsoft.com/developer/msbuild/2003">
  <ItemGroup>
    <ClCompile Include="..\..\..\modules\objdetect\src\cascadedetect.cpp">
      <Filter>Src</Filter>
    </ClCompile>
    <ClCompile Include="..\..\..\modules\objdetect\src\cascadedetect_convert.cpp">
      <Filter>Src</Filter>
    </ClCompile>
    <ClCompile Include="..\..\..\modules\objdetect\src\datamatrix.cpp">
      <Filter>Src</Filter>
    </ClCompile>
    <ClCompile Include="..\..\..\modules\objdetect\src\distancetransform.cpp">
      <Filter>Src</Filter>
    </ClCompile>
    <ClCompile Include="..\..\..\modules\objdetect\src\erfilter.cpp">
      <Filter>Src</Filter>
    </ClCompile>
    <ClCompile Include="..\..\..\modules\objdetect\src\featurepyramid.cpp">
      <Filter>Src</Filter>
    </ClCompile>
    <ClCompile Include="..\..\..\modules\objdetect\src\fft.cpp">
      <Filter>Src</Filter>
    </ClCompile>
    <ClCompile Include="..\..\..\modules\objdetect\src\haar.cpp">
      <Filter>Src</Filter>
    </ClCompile>
    <ClCompile Include="..\..\..\modules\objdetect\src\hog.cpp">
      <Filter>Src</Filter>
    </ClCompile>
    <ClCompile Include="..\..\..\modules\objdetect\src\latentsvm.cpp">
      <Filter>Src</Filter>
    </ClCompile>
    <ClCompile Include="..\..\..\modules\objdetect\src\latentsvmdetector.cpp">
      <Filter>Src</Filter>
    </ClCompile>
    <ClCompile Include="..\..\..\modules\objdetect\src\linemod.cpp">
      <Filter>Src</Filter>
    </ClCompile>
    <ClCompile Include="..\..\..\modules\objdetect\src\lsvmparser.cpp">
      <Filter>Src</Filter>
    </ClCompile>
    <ClCompile Include="..\..\..\modules\objdetect\src\lsvmtbbversion.cpp">
      <Filter>Src</Filter>
    </ClCompile>
    <ClCompile Include="..\..\..\modules\objdetect\src\matching.cpp">
      <Filter>Src</Filter>
    </ClCompile>
    <ClCompile Include="..\..\..\modules\objdetect\src\resizeimg.cpp">
      <Filter>Src</Filter>
    </ClCompile>
    <ClCompile Include="..\..\..\modules\objdetect\src\routine.cpp">
      <Filter>Src</Filter>
    </ClCompile>
    <ClCompile Include="opencl_kernels.cpp">
      <Filter>Src\opencl\kernels\autogenerated</Filter>
    </ClCompile>
    <ClCompile Include="opencv_objdetect_pch.cpp">
      <Filter>Source Files</Filter>
    </ClCompile>
  </ItemGroup>
  <ItemGroup>
    <ClInclude Include="..\..\..\modules\objdetect\include\opencv2\objdetect.hpp">
      <Filter>Include\opencv2</Filter>
    </ClInclude>
    <ClInclude Include="..\..\..\modules\objdetect\include\opencv2\objdetect\erfilter.hpp">
      <Filter>Include\opencv2\objdetect</Filter>
    </ClInclude>
    <ClInclude Include="..\..\..\modules\objdetect\include\opencv2\objdetect\linemod.hpp">
      <Filter>Include\opencv2\objdetect</Filter>
    </ClInclude>
    <ClInclude Include="..\..\..\modules\objdetect\include\opencv2\objdetect\objdetect.hpp">
      <Filter>Include\opencv2\objdetect</Filter>
    </ClInclude>
    <ClInclude Include="..\..\..\modules\objdetect\include\opencv2\objdetect\objdetect_c.h">
      <Filter>Include\opencv2\objdetect</Filter>
    </ClInclude>
    <ClInclude Include="opencl_kernels.hpp">
      <Filter>Src\opencl\kernels\autogenerated</Filter>
    </ClInclude>
    <ClInclude Include="..\..\..\modules\objdetect\src\cascadedetect.hpp">
      <Filter>Src</Filter>
    </ClInclude>
    <ClInclude Include="..\..\..\modules\objdetect\src\precomp.hpp">
      <Filter>Src</Filter>
    </ClInclude>
    <ClInclude Include="..\..\..\modules\objdetect\src\_latentsvm.h">
      <Filter>Src</Filter>
    </ClInclude>
    <ClInclude Include="..\..\..\modules\objdetect\src\_lsvmparser.h">
      <Filter>Src</Filter>
    </ClInclude>
    <ClInclude Include="..\..\..\modules\objdetect\src\_lsvm_distancetransform.h">
      <Filter>Src</Filter>
    </ClInclude>
    <ClInclude Include="..\..\..\modules\objdetect\src\_lsvm_error.h">
      <Filter>Src</Filter>
    </ClInclude>
    <ClInclude Include="..\..\..\modules\objdetect\src\_lsvm_fft.h">
      <Filter>Src</Filter>
    </ClInclude>
    <ClInclude Include="..\..\..\modules\objdetect\src\_lsvm_matching.h">
      <Filter>Src</Filter>
    </ClInclude>
    <ClInclude Include="..\..\..\modules\objdetect\src\_lsvm_resizeimg.h">
      <Filter>Src</Filter>
    </ClInclude>
    <ClInclude Include="..\..\..\modules\objdetect\src\_lsvm_routine.h">
      <Filter>Src</Filter>
    </ClInclude>
    <ClInclude Include="..\..\..\modules\objdetect\src\_lsvm_tbbversion.h">
      <Filter>Src</Filter>
    </ClInclude>
    <ClInclude Include="..\..\..\modules\objdetect\src\_lsvm_types.h">
      <Filter>Src</Filter>
    </ClInclude>
    <ClInclude Include="..\..\cvconfig.h">
      <Filter>Header Files</Filter>
    </ClInclude>
    <ClInclude Include="..\..\opencv2\opencv_modules.hpp">
      <Filter>Header Files</Filter>
    </ClInclude>
  </ItemGroup>
  <ItemGroup>
    <CustomBuild Include="..\..\..\modules\objdetect\CMakeLists.txt" />
    <CustomBuild Include="..\..\CMakeFiles\21eb1fac121d4e0bc47ece8885f2f809\opencl_kernels.cpp.rule">
      <Filter>CMake Rules</Filter>
    </CustomBuild>
  </ItemGroup>
  <ItemGroup>
    <None Include="..\..\..\modules\objdetect\src\opencl\cascadedetect.cl">
      <Filter>Src\opencl\kernels</Filter>
    </None>
    <None Include="..\..\..\modules\objdetect\src\opencl\objdetect_hog.cl">
      <Filter>Src\opencl\kernels</Filter>
    </None>
  </ItemGroup>
  <ItemGroup>
    <Filter Include="Src\opencl\kernels">
      <UniqueIdentifier>{25891A89-EB07-4BBD-BED1-D9C91A36AF1D}</UniqueIdentifier>
    </Filter>
    <Filter Include="Include\opencv2">
      <UniqueIdentifier>{53DB087F-41D0-47AF-ACCB-4577115EC89C}</UniqueIdentifier>
    </Filter>
    <Filter Include="Src\opencl">
      <UniqueIdentifier>{F5922BE8-E526-4479-855C-4758FDD41B52}</UniqueIdentifier>
    </Filter>
    <Filter Include="Src\opencl\kernels\autogenerated">
      <UniqueIdentifier>{FBAEFA89-93E4-4C1A-8396-ECDB297CB52F}</UniqueIdentifier>
    </Filter>
    <Filter Include="Include\opencv2\objdetect">
      <UniqueIdentifier>{F7D24E18-C9D8-4569-8259-16A69201CEFB}</UniqueIdentifier>
    </Filter>
    <Filter Include="Source Files">
      <UniqueIdentifier>{DB687C02-BC61-4552-A608-6CD4602E2621}</UniqueIdentifier>
    </Filter>
    <Filter Include="Header Files">
      <UniqueIdentifier>{6AFE2C3E-E87D-4053-8C46-B54798D7265B}</UniqueIdentifier>
    </Filter>
    <Filter Include="CMake Rules">
      <UniqueIdentifier>{2D011DD7-3144-46C9-8758-1AA3072D0306}</UniqueIdentifier>
    </Filter>
    <Filter Include="Src">
      <UniqueIdentifier>{6069E42C-B4EA-472A-BD9C-718B0E856597}</UniqueIdentifier>
    </Filter>
    <Filter Include="Include">
      <UniqueIdentifier>{15E2C5E8-C542-4EBF-985A-0CA03F2DE6F7}</UniqueIdentifier>
    </Filter>
  </ItemGroup>
</Project>