<?xml version="1.0" encoding="utf-8"?>
<Project ToolsVersion="12.0" xmlns="http://schemas.microsoft.com/developer/msbuild/2003">
  <ItemGroup>
    <ClCompile Include="..\..\..\modules\videostab\src\deblurring.cpp">
      <Filter>Src</Filter>
    </ClCompile>
    <ClCompile Include="..\..\..\modules\videostab\src\fast_marching.cpp">
      <Filter>Src</Filter>
    </ClCompile>
    <ClCompile Include="..\..\..\modules\videostab\src\frame_source.cpp">
      <Filter>Src</Filter>
    </ClCompile>
    <ClCompile Include="..\..\..\modules\videostab\src\global_motion.cpp">
      <Filter>Src</Filter>
    </ClCompile>
    <ClCompile Include="..\..\..\modules\videostab\src\inpainting.cpp">
      <Filter>Src</Filter>
    </ClCompile>
    <ClCompile Include="..\..\..\modules\videostab\src\log.cpp">
      <Filter>Src</Filter>
    </ClCompile>
    <ClCompile Include="..\..\..\modules\videostab\src\motion_stabilizing.cpp">
      <Filter>Src</Filter>
    </ClCompile>
    <ClCompile Include="..\..\..\modules\videostab\src\optical_flow.cpp">
      <Filter>Src</Filter>
    </ClCompile>
    <ClCompile Include="..\..\..\modules\videostab\src\outlier_rejection.cpp">
      <Filter>Src</Filter>
    </ClCompile>
    <ClCompile Include="..\..\..\modules\videostab\src\stabilizer.cpp">
      <Filter>Src</Filter>
    </ClCompile>
    <ClCompile Include="..\..\..\modules\videostab\src\wobble_suppression.cpp">
      <Filter>Src</Filter>
    </ClCompile>
    <ClCompile Include="opencv_videostab_pch.cpp">
      <Filter>Source Files</Filter>
    </ClCompile>
  </ItemGroup>
  <ItemGroup>
    <ClInclude Include="..\..\..\modules\videostab\include\opencv2\videostab.hpp">
      <Filter>Include\opencv2</Filter>
    </ClInclude>
    <ClInclude Include="..\..\..\modules\videostab\include\opencv2\videostab\deblurring.hpp">
      <Filter>Include\opencv2\videostab</Filter>
    </ClInclude>
    <ClInclude Include="..\..\..\modules\videostab\include\opencv2\videostab\fast_marching.hpp">
      <Filter>Include\opencv2\videostab</Filter>
    </ClInclude>
    <ClInclude Include="..\..\..\modules\videostab\include\opencv2\videostab\fast_marching_inl.hpp">
      <Filter>Include\opencv2\videostab</Filter>
    </ClInclude>
    <ClInclude Include="..\..\..\modules\videostab\include\opencv2\videostab\frame_source.hpp">
      <Filter>Include\opencv2\videostab</Filter>
    </ClInclude>
    <ClInclude Include="..\..\..\modules\videostab\include\opencv2\videostab\global_motion.hpp">
      <Filter>Include\opencv2\videostab</Filter>
    </ClInclude>
    <ClInclude Include="..\..\..\modules\videostab\include\opencv2\videostab\inpainting.hpp">
      <Filter>Include\opencv2\videostab</Filter>
    </ClInclude>
    <ClInclude Include="..\..\..\modules\videostab\include\opencv2\videostab\log.hpp">
      <Filter>Include\opencv2\videostab</Filter>
    </ClInclude>
    <ClInclude Include="..\..\..\modules\videostab\include\opencv2\videostab\motion_core.hpp">
      <Filter>Include\opencv2\videostab</Filter>
    </ClInclude>
    <ClInclude Include="..\..\..\modules\videostab\include\opencv2\videostab\motion_stabilizing.hpp">
      <Filter>Include\opencv2\videostab</Filter>
    </ClInclude>
    <ClInclude Include="..\..\..\modules\videostab\include\opencv2\videostab\optical_flow.hpp">
      <Filter>Include\opencv2\videostab</Filter>
    </ClInclude>
    <ClInclude Include="..\..\..\modules\videostab\include\opencv2\videostab\outlier_rejection.hpp">
      <Filter>Include\opencv2\videostab</Filter>
    </ClInclude>
    <ClInclude Include="..\..\..\modules\videostab\include\opencv2\videostab\ring_buffer.hpp">
      <Filter>Include\opencv2\videostab</Filter>
    </ClInclude>
    <ClInclude Include="..\..\..\modules\videostab\include\opencv2\videostab\stabilizer.hpp">
      <Filter>Include\opencv2\videostab</Filter>
    </ClInclude>
    <ClInclude Include="..\..\..\modules\videostab\include\opencv2\videostab\wobble_suppression.hpp">
      <Filter>Include\opencv2\videostab</Filter>
    </ClInclude>
    <ClInclude Include="..\..\..\modules\videostab\src\clp.hpp">
      <Filter>Src</Filter>
    </ClInclude>
    <ClInclude Include="..\..\..\modules\videostab\src\precomp.hpp">
      <Filter>Src</Filter>
    </ClInclude>
    <ClInclude Include="..\..\cvconfig.h">
      <Filter>Header Files</Filter>
    </ClInclude>
    <ClInclude Include="..\..\opencv2\opencv_modules.hpp">
      <Filter>Header Files</Filter>
    </ClInclude>
  </ItemGroup>
  <ItemGroup>
    <CustomBuild Include="..\..\..\modules\videostab\CMakeLists.txt" />
  </ItemGroup>
  <ItemGroup>
    <Filter Include="Source Files">
      <UniqueIdentifier>{90E64889-1D95-460D-BFD9-35EE83FF116F}</UniqueIdentifier>
    </Filter>
    <Filter Include="Header Files">
      <UniqueIdentifier>{A963E64D-1554-41B8-BABA-DFAD98933114}</UniqueIdentifier>
    </Filter>
    <Filter Include="Src">
      <UniqueIdentifier>{0C71B0CA-A542-4FD0-A602-5AC0D09C952A}</UniqueIdentifier>
    </Filter>
    <Filter Include="Include">
      <UniqueIdentifier>{1C4897B5-95FE-4C1A-9356-42E54FEF8D3F}</UniqueIdentifier>
    </Filter>
    <Filter Include="Include\opencv2">
      <UniqueIdentifier>{9D92CB75-6501-449D-B71F-8D872339CFAD}</UniqueIdentifier>
    </Filter>
    <Filter Include="Include\opencv2\videostab">
      <UniqueIdentifier>{83DB2558-580B-48AC-A3D7-754F67A0D36C}</UniqueIdentifier>
    </Filter>
  </ItemGroup>
</Project>